// !$*UTF8*$!
{
	archiveVersion = 1;
	classes = {
	};
	objectVersion = 56;
	objects = {

/* Begin PBXBuildFile section */
		10CE648011B5E37741EFE8A6 /* Pods_TodoApp.framework in Frameworks */ = {isa = PBXBuildFile; fileRef = B922F38A60BFF4B57B60A399 /* Pods_TodoApp.framework */; };
		1107DA970E5914BB89B2054F /* amplifyconfiguration.json in Resources */ = {isa = PBXBuildFile; fileRef = C42AFA19F5E0A7053707FFE1 /* amplifyconfiguration.json */; };
		3243D1A7D823E47C10905656 /* awsconfiguration.json in Resources */ = {isa = PBXBuildFile; fileRef = 698F70E34828384BED2B116E /* awsconfiguration.json */; };
		911C466C29C9CBC700A9159F /* StringExtention.swift in Sources */ = {isa = PBXBuildFile; fileRef = 911C466B29C9CBC700A9159F /* StringExtention.swift */; };
		911C466E29C9CC9C00A9159F /* DateExtention.swift in Sources */ = {isa = PBXBuildFile; fileRef = 911C466D29C9CC9C00A9159F /* DateExtention.swift */; };
		9136501229C5B0FE00F9BC29 /* TaskListViewModel.swift in Sources */ = {isa = PBXBuildFile; fileRef = 9136501129C5B0FE00F9BC29 /* TaskListViewModel.swift */; };
		9136501429C5B13200F9BC29 /* TaskInfoItem.swift in Sources */ = {isa = PBXBuildFile; fileRef = 9136501329C5B13200F9BC29 /* TaskInfoItem.swift */; };
		9136501629C5B24300F9BC29 /* TaskListRouter.swift in Sources */ = {isa = PBXBuildFile; fileRef = 9136501529C5B24300F9BC29 /* TaskListRouter.swift */; };
		9136501929C6AFA000F9BC29 /* UpdateTaskViewController.swift in Sources */ = {isa = PBXBuildFile; fileRef = 9136501829C6AFA000F9BC29 /* UpdateTaskViewController.swift */; };
		9136501B29C6AFAA00F9BC29 /* UpdateTaskViewModel.swift in Sources */ = {isa = PBXBuildFile; fileRef = 9136501A29C6AFAA00F9BC29 /* UpdateTaskViewModel.swift */; };
		9136501E29C6AFE600F9BC29 /* AddTaskViewController.swift in Sources */ = {isa = PBXBuildFile; fileRef = 9136501D29C6AFE600F9BC29 /* AddTaskViewController.swift */; };
		9136502029C6AFF000F9BC29 /* AddTaskViewModel.swift in Sources */ = {isa = PBXBuildFile; fileRef = 9136501F29C6AFF000F9BC29 /* AddTaskViewModel.swift */; };
		9136502229C6BBA300F9BC29 /* UserRemoteStore.swift in Sources */ = {isa = PBXBuildFile; fileRef = 9136502129C6BBA300F9BC29 /* UserRemoteStore.swift */; };
		9136502629C6E8EC00F9BC29 /* TaskTableViewCell.swift in Sources */ = {isa = PBXBuildFile; fileRef = 9136502429C6E8EC00F9BC29 /* TaskTableViewCell.swift */; };
		9136502729C6E8EC00F9BC29 /* TaskTableViewCell.xib in Resources */ = {isa = PBXBuildFile; fileRef = 9136502529C6E8EC00F9BC29 /* TaskTableViewCell.xib */; };
		9136502A29C7304200F9BC29 /* LaunchViewContoller.swift in Sources */ = {isa = PBXBuildFile; fileRef = 9136502929C7304200F9BC29 /* LaunchViewContoller.swift */; };
		9136502C29C7311600F9BC29 /* LaunchRouter.swift in Sources */ = {isa = PBXBuildFile; fileRef = 9136502B29C7311600F9BC29 /* LaunchRouter.swift */; };
		9136502E29C7319700F9BC29 /* LaunchViewModel.swift in Sources */ = {isa = PBXBuildFile; fileRef = 9136502D29C7319700F9BC29 /* LaunchViewModel.swift */; };
		915F06EF29BA1C2200685156 /* SignInViewController.swift in Sources */ = {isa = PBXBuildFile; fileRef = 915F06EE29BA1C2200685156 /* SignInViewController.swift */; };
		915F06F229BA1CC700685156 /* BaseViewController.swift in Sources */ = {isa = PBXBuildFile; fileRef = 915F06F129BA1CC700685156 /* BaseViewController.swift */; };
		915F06F429BA1D3900685156 /* SignIn.storyboard in Resources */ = {isa = PBXBuildFile; fileRef = 915F06F329BA1D3900685156 /* SignIn.storyboard */; };
		9191411129CB6B570072BEA0 /* GRDBAccessorDB.swift in Sources */ = {isa = PBXBuildFile; fileRef = 9191411029CB6B570072BEA0 /* GRDBAccessorDB.swift */; };
		919A407329C3541000D63E44 /* Localizable.strings in Resources */ = {isa = PBXBuildFile; fileRef = 919A407229C3541000D63E44 /* Localizable.strings */; };
		91A0333629BC9E1A0019D5A9 /* SignInRouter.swift in Sources */ = {isa = PBXBuildFile; fileRef = 91A0333529BC9E1A0019D5A9 /* SignInRouter.swift */; };
		91A033B729BDAEAA0019D5A9 /* R.generated.swift in Sources */ = {isa = PBXBuildFile; fileRef = 91A033B629BDAEAA0019D5A9 /* R.generated.swift */; };
		91A033BA29BDC4760019D5A9 /* TabBarController.swift in Sources */ = {isa = PBXBuildFile; fileRef = 91A033B929BDC4760019D5A9 /* TabBarController.swift */; };
		91A033C029BDCAB50019D5A9 /* List.storyboard in Resources */ = {isa = PBXBuildFile; fileRef = 91A033BF29BDCAB50019D5A9 /* List.storyboard */; };
		91A033C229BDCACE0019D5A9 /* Setting.storyboard in Resources */ = {isa = PBXBuildFile; fileRef = 91A033C129BDCACE0019D5A9 /* Setting.storyboard */; };
		91A033C529BDEED20019D5A9 /* TaskListViewController.swift in Sources */ = {isa = PBXBuildFile; fileRef = 91A033C429BDEED20019D5A9 /* TaskListViewController.swift */; };
		91A033C829BDEF200019D5A9 /* SettingViewController.swift in Sources */ = {isa = PBXBuildFile; fileRef = 91A033C729BDEF200019D5A9 /* SettingViewController.swift */; };
		91A033CA29BDF6920019D5A9 /* SettingViewModel.swift in Sources */ = {isa = PBXBuildFile; fileRef = 91A033C929BDF6920019D5A9 /* SettingViewModel.swift */; };
		91A033D129BF675B0019D5A9 /* DatabaseDefinition.swift in Sources */ = {isa = PBXBuildFile; fileRef = 91A033D029BF675B0019D5A9 /* DatabaseDefinition.swift */; };
		91A033D329BF67B10019D5A9 /* MainDatabase.swift in Sources */ = {isa = PBXBuildFile; fileRef = 91A033D229BF67B10019D5A9 /* MainDatabase.swift */; };
		91A033D729BF68570019D5A9 /* UserInfoDao.swift in Sources */ = {isa = PBXBuildFile; fileRef = 91A033D629BF68570019D5A9 /* UserInfoDao.swift */; };
		91A033D929BF6E540019D5A9 /* UserLocalStore.swift in Sources */ = {isa = PBXBuildFile; fileRef = 91A033D829BF6E540019D5A9 /* UserLocalStore.swift */; };
		91A033DB29BF6F6B0019D5A9 /* UserInfoRecord.swift in Sources */ = {isa = PBXBuildFile; fileRef = 91A033DA29BF6F6B0019D5A9 /* UserInfoRecord.swift */; };
		91A033DE29BF735B0019D5A9 /* DatabaseError.swift in Sources */ = {isa = PBXBuildFile; fileRef = 91A033DD29BF735B0019D5A9 /* DatabaseError.swift */; };
		91A033E029BF738A0019D5A9 /* DatabaseQueueFactory.swift in Sources */ = {isa = PBXBuildFile; fileRef = 91A033DF29BF738A0019D5A9 /* DatabaseQueueFactory.swift */; };
		91A033E229BF7A680019D5A9 /* UserRepository.swift in Sources */ = {isa = PBXBuildFile; fileRef = 91A033E129BF7A680019D5A9 /* UserRepository.swift */; };
		91A0889B29C49D7D000BF175 /* TaskRemoteStore.swift in Sources */ = {isa = PBXBuildFile; fileRef = 91A0889A29C49D7D000BF175 /* TaskRemoteStore.swift */; };
		91A0889F29C49EC8000BF175 /* SessionExtention.swift in Sources */ = {isa = PBXBuildFile; fileRef = 91A0889E29C49EC8000BF175 /* SessionExtention.swift */; };
		91A088A129C49F17000BF175 /* URLSessionConfigurationExtention.swift in Sources */ = {isa = PBXBuildFile; fileRef = 91A088A029C49F17000BF175 /* URLSessionConfigurationExtention.swift */; };
		91A088A529C49FF8000BF175 /* TaskListAPI.swift in Sources */ = {isa = PBXBuildFile; fileRef = 91A088A429C49FF8000BF175 /* TaskListAPI.swift */; };
		91A088A829C4A147000BF175 /* APIRoutes.swift in Sources */ = {isa = PBXBuildFile; fileRef = 91A088A729C4A147000BF175 /* APIRoutes.swift */; };
		91A088AA29C4A1CC000BF175 /* APIRequest.swift in Sources */ = {isa = PBXBuildFile; fileRef = 91A088A929C4A1CC000BF175 /* APIRequest.swift */; };
		91A088AC29C4A255000BF175 /* DecodableDataParser.swift in Sources */ = {isa = PBXBuildFile; fileRef = 91A088AB29C4A255000BF175 /* DecodableDataParser.swift */; };
		91A088AE29C4A26F000BF175 /* APIResult.swift in Sources */ = {isa = PBXBuildFile; fileRef = 91A088AD29C4A26F000BF175 /* APIResult.swift */; };
		91A088B029C4A3A0000BF175 /* Constant.swift in Sources */ = {isa = PBXBuildFile; fileRef = 91A088AF29C4A3A0000BF175 /* Constant.swift */; };
		91A088B229C4A3D5000BF175 /* AddTaskAPI.swift in Sources */ = {isa = PBXBuildFile; fileRef = 91A088B129C4A3D5000BF175 /* AddTaskAPI.swift */; };
		91A088B429C4B484000BF175 /* UpdateTaskAPI.swift in Sources */ = {isa = PBXBuildFile; fileRef = 91A088B329C4B484000BF175 /* UpdateTaskAPI.swift */; };
		91A088B629C4B67F000BF175 /* DeleteTaskAPI.swift in Sources */ = {isa = PBXBuildFile; fileRef = 91A088B529C4B67F000BF175 /* DeleteTaskAPI.swift */; };
		91A088B829C4B966000BF175 /* Environment.swift in Sources */ = {isa = PBXBuildFile; fileRef = 91A088B729C4B966000BF175 /* Environment.swift */; };
		91A088BB29C550E4000BF175 /* TaskUseCase.swift in Sources */ = {isa = PBXBuildFile; fileRef = 91A088BA29C550E4000BF175 /* TaskUseCase.swift */; };
		91A088BD29C552BC000BF175 /* TaskRepository.swift in Sources */ = {isa = PBXBuildFile; fileRef = 91A088BC29C552BC000BF175 /* TaskRepository.swift */; };
		91A088BF29C558E7000BF175 /* TaskInfoRecord.swift in Sources */ = {isa = PBXBuildFile; fileRef = 91A088BE29C558E7000BF175 /* TaskInfoRecord.swift */; };
		91A088C129C559E6000BF175 /* TaskLocalStore.swift in Sources */ = {isa = PBXBuildFile; fileRef = 91A088C029C559E6000BF175 /* TaskLocalStore.swift */; };
		91A088C329C58151000BF175 /* TaskInfoDao.swift in Sources */ = {isa = PBXBuildFile; fileRef = 91A088C229C58151000BF175 /* TaskInfoDao.swift */; };
		91A088C529C594CC000BF175 /* TaskInfo.swift in Sources */ = {isa = PBXBuildFile; fileRef = 91A088C429C594CC000BF175 /* TaskInfo.swift */; };
		91BC1A6629C0B08D00500A62 /* VMResult.swift in Sources */ = {isa = PBXBuildFile; fileRef = 91BC1A6529C0B08D00500A62 /* VMResult.swift */; };
		91BC1A6929C0C29000500A62 /* UserInfoAttribute.swift in Sources */ = {isa = PBXBuildFile; fileRef = 91BC1A6829C0C29000500A62 /* UserInfoAttribute.swift */; };
		91C7608D29BC2E3F003BE148 /* AWSCognitoAuthPlugin in Frameworks */ = {isa = PBXBuildFile; productRef = 91C7608C29BC2E3F003BE148 /* AWSCognitoAuthPlugin */; };
		91C7608F29BC2E3F003BE148 /* Amplify in Frameworks */ = {isa = PBXBuildFile; productRef = 91C7608E29BC2E3F003BE148 /* Amplify */; };
		91C7609129BC3002003BE148 /* SignInViewModel.swift in Sources */ = {isa = PBXBuildFile; fileRef = 91C7609029BC3002003BE148 /* SignInViewModel.swift */; };
		91C7609329BC3213003BE148 /* UserUseCase.swift in Sources */ = {isa = PBXBuildFile; fileRef = 91C7609229BC3213003BE148 /* UserUseCase.swift */; };
		91CA6F6429C8840000BC03AB /* InputTextField.swift in Sources */ = {isa = PBXBuildFile; fileRef = 91CA6F6329C8840000BC03AB /* InputTextField.swift */; };
		91CA6F6629C8848200BC03AB /* InputTextView.swift in Sources */ = {isa = PBXBuildFile; fileRef = 91CA6F6529C8848200BC03AB /* InputTextView.swift */; };
		91CA6F6929C95C9100BC03AB /* CheckButton.swift in Sources */ = {isa = PBXBuildFile; fileRef = 91CA6F6829C95C9100BC03AB /* CheckButton.swift */; };
		91CFA3F829C9A43800C7092A /* Validate.swift in Sources */ = {isa = PBXBuildFile; fileRef = 91CFA3F729C9A43800C7092A /* Validate.swift */; };
		91CFFD8629C1FE420086B5E2 /* SettingRouter.swift in Sources */ = {isa = PBXBuildFile; fileRef = 91CFFD8529C1FE420086B5E2 /* SettingRouter.swift */; };
		91CFFD8B29C22A0D0086B5E2 /* DomainError.swift in Sources */ = {isa = PBXBuildFile; fileRef = 91CFFD8A29C22A0D0086B5E2 /* DomainError.swift */; };
		91E41A2E29B7791600DA4EAE /* AppDelegate.swift in Sources */ = {isa = PBXBuildFile; fileRef = 91E41A2D29B7791600DA4EAE /* AppDelegate.swift */; };
		91E41A3029B7791600DA4EAE /* SceneDelegate.swift in Sources */ = {isa = PBXBuildFile; fileRef = 91E41A2F29B7791600DA4EAE /* SceneDelegate.swift */; };
		91E41A3529B7791600DA4EAE /* Main.storyboard in Resources */ = {isa = PBXBuildFile; fileRef = 91E41A3329B7791600DA4EAE /* Main.storyboard */; };
		91E41A3729B7791800DA4EAE /* Assets.xcassets in Resources */ = {isa = PBXBuildFile; fileRef = 91E41A3629B7791800DA4EAE /* Assets.xcassets */; };
		91E41A3A29B7791800DA4EAE /* LaunchScreen.storyboard in Resources */ = {isa = PBXBuildFile; fileRef = 91E41A3829B7791800DA4EAE /* LaunchScreen.storyboard */; };
		91E41A4529B7791800DA4EAE /* TodoAppTests.swift in Sources */ = {isa = PBXBuildFile; fileRef = 91E41A4429B7791800DA4EAE /* TodoAppTests.swift */; };
		91E41A4F29B7791800DA4EAE /* TodoAppUITests.swift in Sources */ = {isa = PBXBuildFile; fileRef = 91E41A4E29B7791800DA4EAE /* TodoAppUITests.swift */; };
		91E41A5129B7791800DA4EAE /* TodoAppUITestsLaunchTests.swift in Sources */ = {isa = PBXBuildFile; fileRef = 91E41A5029B7791800DA4EAE /* TodoAppUITestsLaunchTests.swift */; };
		DE894961FB28065937AFF75F /* Pods_TodoAppTests.framework in Frameworks */ = {isa = PBXBuildFile; fileRef = 9A55C08FAE394420DE963DCF /* Pods_TodoAppTests.framework */; };
		FE034D04104C84FCA9EA9D87 /* Pods_TodoApp_TodoAppUITests.framework in Frameworks */ = {isa = PBXBuildFile; fileRef = 15A2606FE38009DDE7EB6C9E /* Pods_TodoApp_TodoAppUITests.framework */; };
/* End PBXBuildFile section */

/* Begin PBXContainerItemProxy section */
		91E41A4129B7791800DA4EAE /* PBXContainerItemProxy */ = {
			isa = PBXContainerItemProxy;
			containerPortal = 91E41A2229B7791600DA4EAE /* Project object */;
			proxyType = 1;
			remoteGlobalIDString = 91E41A2929B7791600DA4EAE;
			remoteInfo = TodoApp;
		};
		91E41A4B29B7791800DA4EAE /* PBXContainerItemProxy */ = {
			isa = PBXContainerItemProxy;
			containerPortal = 91E41A2229B7791600DA4EAE /* Project object */;
			proxyType = 1;
			remoteGlobalIDString = 91E41A2929B7791600DA4EAE;
			remoteInfo = TodoApp;
		};
/* End PBXContainerItemProxy section */

/* Begin PBXFileReference section */
		15A2606FE38009DDE7EB6C9E /* Pods_TodoApp_TodoAppUITests.framework */ = {isa = PBXFileReference; explicitFileType = wrapper.framework; includeInIndex = 0; path = Pods_TodoApp_TodoAppUITests.framework; sourceTree = BUILT_PRODUCTS_DIR; };
		2416444A1B606F86CB272378 /* Pods-TodoAppTests.debug.xcconfig */ = {isa = PBXFileReference; includeInIndex = 1; lastKnownFileType = text.xcconfig; name = "Pods-TodoAppTests.debug.xcconfig"; path = "Target Support Files/Pods-TodoAppTests/Pods-TodoAppTests.debug.xcconfig"; sourceTree = "<group>"; };
		4C97294790A515A2AFDB33D2 /* Pods-TodoApp.release.xcconfig */ = {isa = PBXFileReference; includeInIndex = 1; lastKnownFileType = text.xcconfig; name = "Pods-TodoApp.release.xcconfig"; path = "Target Support Files/Pods-TodoApp/Pods-TodoApp.release.xcconfig"; sourceTree = "<group>"; };
		535E5535F9E17976827D8D1A /* Pods-TodoAppTests.release.xcconfig */ = {isa = PBXFileReference; includeInIndex = 1; lastKnownFileType = text.xcconfig; name = "Pods-TodoAppTests.release.xcconfig"; path = "Target Support Files/Pods-TodoAppTests/Pods-TodoAppTests.release.xcconfig"; sourceTree = "<group>"; };
		698F70E34828384BED2B116E /* awsconfiguration.json */ = {isa = PBXFileReference; explicitFileType = text.json; path = awsconfiguration.json; sourceTree = "<group>"; };
		69E705BCDD73A49A82E982CD /* Pods-TodoApp-TodoAppUITests.release.xcconfig */ = {isa = PBXFileReference; includeInIndex = 1; lastKnownFileType = text.xcconfig; name = "Pods-TodoApp-TodoAppUITests.release.xcconfig"; path = "Target Support Files/Pods-TodoApp-TodoAppUITests/Pods-TodoApp-TodoAppUITests.release.xcconfig"; sourceTree = "<group>"; };
		911C466B29C9CBC700A9159F /* StringExtention.swift */ = {isa = PBXFileReference; lastKnownFileType = sourcecode.swift; path = StringExtention.swift; sourceTree = "<group>"; };
		911C466D29C9CC9C00A9159F /* DateExtention.swift */ = {isa = PBXFileReference; lastKnownFileType = sourcecode.swift; path = DateExtention.swift; sourceTree = "<group>"; };
		9136501129C5B0FE00F9BC29 /* TaskListViewModel.swift */ = {isa = PBXFileReference; lastKnownFileType = sourcecode.swift; path = TaskListViewModel.swift; sourceTree = "<group>"; };
		9136501329C5B13200F9BC29 /* TaskInfoItem.swift */ = {isa = PBXFileReference; lastKnownFileType = sourcecode.swift; path = TaskInfoItem.swift; sourceTree = "<group>"; };
		9136501529C5B24300F9BC29 /* TaskListRouter.swift */ = {isa = PBXFileReference; lastKnownFileType = sourcecode.swift; path = TaskListRouter.swift; sourceTree = "<group>"; };
		9136501829C6AFA000F9BC29 /* UpdateTaskViewController.swift */ = {isa = PBXFileReference; lastKnownFileType = sourcecode.swift; path = UpdateTaskViewController.swift; sourceTree = "<group>"; };
		9136501A29C6AFAA00F9BC29 /* UpdateTaskViewModel.swift */ = {isa = PBXFileReference; lastKnownFileType = sourcecode.swift; path = UpdateTaskViewModel.swift; sourceTree = "<group>"; };
		9136501D29C6AFE600F9BC29 /* AddTaskViewController.swift */ = {isa = PBXFileReference; lastKnownFileType = sourcecode.swift; path = AddTaskViewController.swift; sourceTree = "<group>"; };
		9136501F29C6AFF000F9BC29 /* AddTaskViewModel.swift */ = {isa = PBXFileReference; lastKnownFileType = sourcecode.swift; path = AddTaskViewModel.swift; sourceTree = "<group>"; };
		9136502129C6BBA300F9BC29 /* UserRemoteStore.swift */ = {isa = PBXFileReference; lastKnownFileType = sourcecode.swift; path = UserRemoteStore.swift; sourceTree = "<group>"; };
		9136502429C6E8EC00F9BC29 /* TaskTableViewCell.swift */ = {isa = PBXFileReference; lastKnownFileType = sourcecode.swift; path = TaskTableViewCell.swift; sourceTree = "<group>"; };
		9136502529C6E8EC00F9BC29 /* TaskTableViewCell.xib */ = {isa = PBXFileReference; lastKnownFileType = file.xib; path = TaskTableViewCell.xib; sourceTree = "<group>"; };
		9136502929C7304200F9BC29 /* LaunchViewContoller.swift */ = {isa = PBXFileReference; lastKnownFileType = sourcecode.swift; path = LaunchViewContoller.swift; sourceTree = "<group>"; };
		9136502B29C7311600F9BC29 /* LaunchRouter.swift */ = {isa = PBXFileReference; lastKnownFileType = sourcecode.swift; path = LaunchRouter.swift; sourceTree = "<group>"; };
		9136502D29C7319700F9BC29 /* LaunchViewModel.swift */ = {isa = PBXFileReference; lastKnownFileType = sourcecode.swift; path = LaunchViewModel.swift; sourceTree = "<group>"; };
		915F06EE29BA1C2200685156 /* SignInViewController.swift */ = {isa = PBXFileReference; lastKnownFileType = sourcecode.swift; path = SignInViewController.swift; sourceTree = "<group>"; };
		915F06F129BA1CC700685156 /* BaseViewController.swift */ = {isa = PBXFileReference; lastKnownFileType = sourcecode.swift; path = BaseViewController.swift; sourceTree = "<group>"; };
		915F06F329BA1D3900685156 /* SignIn.storyboard */ = {isa = PBXFileReference; lastKnownFileType = file.storyboard; path = SignIn.storyboard; sourceTree = "<group>"; };
		9191411029CB6B570072BEA0 /* GRDBAccessorDB.swift */ = {isa = PBXFileReference; lastKnownFileType = sourcecode.swift; path = GRDBAccessorDB.swift; sourceTree = "<group>"; };
		919A407229C3541000D63E44 /* Localizable.strings */ = {isa = PBXFileReference; lastKnownFileType = text.plist.strings; path = Localizable.strings; sourceTree = "<group>"; };
		91A0333529BC9E1A0019D5A9 /* SignInRouter.swift */ = {isa = PBXFileReference; lastKnownFileType = sourcecode.swift; path = SignInRouter.swift; sourceTree = "<group>"; };
		91A033B629BDAEAA0019D5A9 /* R.generated.swift */ = {isa = PBXFileReference; fileEncoding = 4; lastKnownFileType = sourcecode.swift; path = R.generated.swift; sourceTree = SOURCE_ROOT; };
		91A033B929BDC4760019D5A9 /* TabBarController.swift */ = {isa = PBXFileReference; lastKnownFileType = sourcecode.swift; path = TabBarController.swift; sourceTree = "<group>"; };
		91A033BF29BDCAB50019D5A9 /* List.storyboard */ = {isa = PBXFileReference; lastKnownFileType = file.storyboard; path = List.storyboard; sourceTree = "<group>"; };
		91A033C129BDCACE0019D5A9 /* Setting.storyboard */ = {isa = PBXFileReference; lastKnownFileType = file.storyboard; path = Setting.storyboard; sourceTree = "<group>"; };
		91A033C429BDEED20019D5A9 /* TaskListViewController.swift */ = {isa = PBXFileReference; lastKnownFileType = sourcecode.swift; path = TaskListViewController.swift; sourceTree = "<group>"; };
		91A033C729BDEF200019D5A9 /* SettingViewController.swift */ = {isa = PBXFileReference; lastKnownFileType = sourcecode.swift; path = SettingViewController.swift; sourceTree = "<group>"; };
		91A033C929BDF6920019D5A9 /* SettingViewModel.swift */ = {isa = PBXFileReference; lastKnownFileType = sourcecode.swift; path = SettingViewModel.swift; sourceTree = "<group>"; };
		91A033D029BF675B0019D5A9 /* DatabaseDefinition.swift */ = {isa = PBXFileReference; lastKnownFileType = sourcecode.swift; path = DatabaseDefinition.swift; sourceTree = "<group>"; };
		91A033D229BF67B10019D5A9 /* MainDatabase.swift */ = {isa = PBXFileReference; lastKnownFileType = sourcecode.swift; path = MainDatabase.swift; sourceTree = "<group>"; };
		91A033D629BF68570019D5A9 /* UserInfoDao.swift */ = {isa = PBXFileReference; lastKnownFileType = sourcecode.swift; path = UserInfoDao.swift; sourceTree = "<group>"; };
		91A033D829BF6E540019D5A9 /* UserLocalStore.swift */ = {isa = PBXFileReference; lastKnownFileType = sourcecode.swift; path = UserLocalStore.swift; sourceTree = "<group>"; };
		91A033DA29BF6F6B0019D5A9 /* UserInfoRecord.swift */ = {isa = PBXFileReference; lastKnownFileType = sourcecode.swift; path = UserInfoRecord.swift; sourceTree = "<group>"; };
		91A033DD29BF735B0019D5A9 /* DatabaseError.swift */ = {isa = PBXFileReference; lastKnownFileType = sourcecode.swift; path = DatabaseError.swift; sourceTree = "<group>"; };
		91A033DF29BF738A0019D5A9 /* DatabaseQueueFactory.swift */ = {isa = PBXFileReference; lastKnownFileType = sourcecode.swift; path = DatabaseQueueFactory.swift; sourceTree = "<group>"; };
		91A033E129BF7A680019D5A9 /* UserRepository.swift */ = {isa = PBXFileReference; lastKnownFileType = sourcecode.swift; path = UserRepository.swift; sourceTree = "<group>"; };
		91A0889A29C49D7D000BF175 /* TaskRemoteStore.swift */ = {isa = PBXFileReference; lastKnownFileType = sourcecode.swift; path = TaskRemoteStore.swift; sourceTree = "<group>"; };
		91A0889E29C49EC8000BF175 /* SessionExtention.swift */ = {isa = PBXFileReference; lastKnownFileType = sourcecode.swift; path = SessionExtention.swift; sourceTree = "<group>"; };
		91A088A029C49F17000BF175 /* URLSessionConfigurationExtention.swift */ = {isa = PBXFileReference; lastKnownFileType = sourcecode.swift; path = URLSessionConfigurationExtention.swift; sourceTree = "<group>"; };
		91A088A429C49FF8000BF175 /* TaskListAPI.swift */ = {isa = PBXFileReference; lastKnownFileType = sourcecode.swift; path = TaskListAPI.swift; sourceTree = "<group>"; };
		91A088A729C4A147000BF175 /* APIRoutes.swift */ = {isa = PBXFileReference; lastKnownFileType = sourcecode.swift; path = APIRoutes.swift; sourceTree = "<group>"; };
		91A088A929C4A1CC000BF175 /* APIRequest.swift */ = {isa = PBXFileReference; lastKnownFileType = sourcecode.swift; path = APIRequest.swift; sourceTree = "<group>"; };
		91A088AB29C4A255000BF175 /* DecodableDataParser.swift */ = {isa = PBXFileReference; lastKnownFileType = sourcecode.swift; path = DecodableDataParser.swift; sourceTree = "<group>"; };
		91A088AD29C4A26F000BF175 /* APIResult.swift */ = {isa = PBXFileReference; lastKnownFileType = sourcecode.swift; path = APIResult.swift; sourceTree = "<group>"; };
		91A088AF29C4A3A0000BF175 /* Constant.swift */ = {isa = PBXFileReference; lastKnownFileType = sourcecode.swift; path = Constant.swift; sourceTree = "<group>"; };
		91A088B129C4A3D5000BF175 /* AddTaskAPI.swift */ = {isa = PBXFileReference; lastKnownFileType = sourcecode.swift; path = AddTaskAPI.swift; sourceTree = "<group>"; };
		91A088B329C4B484000BF175 /* UpdateTaskAPI.swift */ = {isa = PBXFileReference; lastKnownFileType = sourcecode.swift; path = UpdateTaskAPI.swift; sourceTree = "<group>"; };
		91A088B529C4B67F000BF175 /* DeleteTaskAPI.swift */ = {isa = PBXFileReference; lastKnownFileType = sourcecode.swift; path = DeleteTaskAPI.swift; sourceTree = "<group>"; };
		91A088B729C4B966000BF175 /* Environment.swift */ = {isa = PBXFileReference; lastKnownFileType = sourcecode.swift; path = Environment.swift; sourceTree = "<group>"; };
		91A088BA29C550E4000BF175 /* TaskUseCase.swift */ = {isa = PBXFileReference; lastKnownFileType = sourcecode.swift; path = TaskUseCase.swift; sourceTree = "<group>"; };
		91A088BC29C552BC000BF175 /* TaskRepository.swift */ = {isa = PBXFileReference; lastKnownFileType = sourcecode.swift; path = TaskRepository.swift; sourceTree = "<group>"; };
		91A088BE29C558E7000BF175 /* TaskInfoRecord.swift */ = {isa = PBXFileReference; lastKnownFileType = sourcecode.swift; path = TaskInfoRecord.swift; sourceTree = "<group>"; };
		91A088C029C559E6000BF175 /* TaskLocalStore.swift */ = {isa = PBXFileReference; lastKnownFileType = sourcecode.swift; path = TaskLocalStore.swift; sourceTree = "<group>"; };
		91A088C229C58151000BF175 /* TaskInfoDao.swift */ = {isa = PBXFileReference; lastKnownFileType = sourcecode.swift; path = TaskInfoDao.swift; sourceTree = "<group>"; };
		91A088C429C594CC000BF175 /* TaskInfo.swift */ = {isa = PBXFileReference; lastKnownFileType = sourcecode.swift; path = TaskInfo.swift; sourceTree = "<group>"; };
		91BC1A6529C0B08D00500A62 /* VMResult.swift */ = {isa = PBXFileReference; lastKnownFileType = sourcecode.swift; path = VMResult.swift; sourceTree = "<group>"; };
		91BC1A6829C0C29000500A62 /* UserInfoAttribute.swift */ = {isa = PBXFileReference; lastKnownFileType = sourcecode.swift; path = UserInfoAttribute.swift; sourceTree = "<group>"; };
		91C7609029BC3002003BE148 /* SignInViewModel.swift */ = {isa = PBXFileReference; lastKnownFileType = sourcecode.swift; path = SignInViewModel.swift; sourceTree = "<group>"; };
		91C7609229BC3213003BE148 /* UserUseCase.swift */ = {isa = PBXFileReference; lastKnownFileType = sourcecode.swift; path = UserUseCase.swift; sourceTree = "<group>"; };
		91CA6F6329C8840000BC03AB /* InputTextField.swift */ = {isa = PBXFileReference; lastKnownFileType = sourcecode.swift; path = InputTextField.swift; sourceTree = "<group>"; };
		91CA6F6529C8848200BC03AB /* InputTextView.swift */ = {isa = PBXFileReference; lastKnownFileType = sourcecode.swift; path = InputTextView.swift; sourceTree = "<group>"; };
		91CA6F6829C95C9100BC03AB /* CheckButton.swift */ = {isa = PBXFileReference; lastKnownFileType = sourcecode.swift; path = CheckButton.swift; sourceTree = "<group>"; };
		91CFA3F729C9A43800C7092A /* Validate.swift */ = {isa = PBXFileReference; lastKnownFileType = sourcecode.swift; path = Validate.swift; sourceTree = "<group>"; };
		91CFFD8529C1FE420086B5E2 /* SettingRouter.swift */ = {isa = PBXFileReference; lastKnownFileType = sourcecode.swift; path = SettingRouter.swift; sourceTree = "<group>"; };
		91CFFD8A29C22A0D0086B5E2 /* DomainError.swift */ = {isa = PBXFileReference; lastKnownFileType = sourcecode.swift; path = DomainError.swift; sourceTree = "<group>"; };
		91E41A2A29B7791600DA4EAE /* TodoApp.app */ = {isa = PBXFileReference; explicitFileType = wrapper.application; includeInIndex = 0; path = TodoApp.app; sourceTree = BUILT_PRODUCTS_DIR; };
		91E41A2D29B7791600DA4EAE /* AppDelegate.swift */ = {isa = PBXFileReference; lastKnownFileType = sourcecode.swift; path = AppDelegate.swift; sourceTree = "<group>"; };
		91E41A2F29B7791600DA4EAE /* SceneDelegate.swift */ = {isa = PBXFileReference; lastKnownFileType = sourcecode.swift; path = SceneDelegate.swift; sourceTree = "<group>"; };
		91E41A3429B7791600DA4EAE /* Base */ = {isa = PBXFileReference; lastKnownFileType = file.storyboard; name = Base; path = Base.lproj/Main.storyboard; sourceTree = "<group>"; };
		91E41A3629B7791800DA4EAE /* Assets.xcassets */ = {isa = PBXFileReference; lastKnownFileType = folder.assetcatalog; path = Assets.xcassets; sourceTree = "<group>"; };
		91E41A3929B7791800DA4EAE /* Base */ = {isa = PBXFileReference; lastKnownFileType = file.storyboard; name = Base; path = Base.lproj/LaunchScreen.storyboard; sourceTree = "<group>"; };
		91E41A3B29B7791800DA4EAE /* Info.plist */ = {isa = PBXFileReference; lastKnownFileType = text.plist.xml; path = Info.plist; sourceTree = "<group>"; };
		91E41A4029B7791800DA4EAE /* TodoAppTests.xctest */ = {isa = PBXFileReference; explicitFileType = wrapper.cfbundle; includeInIndex = 0; path = TodoAppTests.xctest; sourceTree = BUILT_PRODUCTS_DIR; };
		91E41A4429B7791800DA4EAE /* TodoAppTests.swift */ = {isa = PBXFileReference; lastKnownFileType = sourcecode.swift; path = TodoAppTests.swift; sourceTree = "<group>"; };
		91E41A4A29B7791800DA4EAE /* TodoAppUITests.xctest */ = {isa = PBXFileReference; explicitFileType = wrapper.cfbundle; includeInIndex = 0; path = TodoAppUITests.xctest; sourceTree = BUILT_PRODUCTS_DIR; };
		91E41A4E29B7791800DA4EAE /* TodoAppUITests.swift */ = {isa = PBXFileReference; lastKnownFileType = sourcecode.swift; path = TodoAppUITests.swift; sourceTree = "<group>"; };
		91E41A5029B7791800DA4EAE /* TodoAppUITestsLaunchTests.swift */ = {isa = PBXFileReference; lastKnownFileType = sourcecode.swift; path = TodoAppUITestsLaunchTests.swift; sourceTree = "<group>"; };
		95EDCD9AF626E5613192543D /* Pods-TodoApp.debug.xcconfig */ = {isa = PBXFileReference; includeInIndex = 1; lastKnownFileType = text.xcconfig; name = "Pods-TodoApp.debug.xcconfig"; path = "Target Support Files/Pods-TodoApp/Pods-TodoApp.debug.xcconfig"; sourceTree = "<group>"; };
		9A55C08FAE394420DE963DCF /* Pods_TodoAppTests.framework */ = {isa = PBXFileReference; explicitFileType = wrapper.framework; includeInIndex = 0; path = Pods_TodoAppTests.framework; sourceTree = BUILT_PRODUCTS_DIR; };
		B922F38A60BFF4B57B60A399 /* Pods_TodoApp.framework */ = {isa = PBXFileReference; explicitFileType = wrapper.framework; includeInIndex = 0; path = Pods_TodoApp.framework; sourceTree = BUILT_PRODUCTS_DIR; };
		C42AFA19F5E0A7053707FFE1 /* amplifyconfiguration.json */ = {isa = PBXFileReference; explicitFileType = text.json; path = amplifyconfiguration.json; sourceTree = "<group>"; };
		E7F26B74B22D1A1108237ADF /* Pods-TodoApp-TodoAppUITests.debug.xcconfig */ = {isa = PBXFileReference; includeInIndex = 1; lastKnownFileType = text.xcconfig; name = "Pods-TodoApp-TodoAppUITests.debug.xcconfig"; path = "Target Support Files/Pods-TodoApp-TodoAppUITests/Pods-TodoApp-TodoAppUITests.debug.xcconfig"; sourceTree = "<group>"; };
/* End PBXFileReference section */

/* Begin PBXFrameworksBuildPhase section */
		91E41A2729B7791600DA4EAE /* Frameworks */ = {
			isa = PBXFrameworksBuildPhase;
			buildActionMask = 2147483647;
			files = (
				91C7608D29BC2E3F003BE148 /* AWSCognitoAuthPlugin in Frameworks */,
				91C7608F29BC2E3F003BE148 /* Amplify in Frameworks */,
				10CE648011B5E37741EFE8A6 /* Pods_TodoApp.framework in Frameworks */,
			);
			runOnlyForDeploymentPostprocessing = 0;
		};
		91E41A3D29B7791800DA4EAE /* Frameworks */ = {
			isa = PBXFrameworksBuildPhase;
			buildActionMask = 2147483647;
			files = (
				DE894961FB28065937AFF75F /* Pods_TodoAppTests.framework in Frameworks */,
			);
			runOnlyForDeploymentPostprocessing = 0;
		};
		91E41A4729B7791800DA4EAE /* Frameworks */ = {
			isa = PBXFrameworksBuildPhase;
			buildActionMask = 2147483647;
			files = (
				FE034D04104C84FCA9EA9D87 /* Pods_TodoApp_TodoAppUITests.framework in Frameworks */,
			);
			runOnlyForDeploymentPostprocessing = 0;
		};
/* End PBXFrameworksBuildPhase section */

/* Begin PBXGroup section */
		1C854CED295BD5F676F652FF /* AmplifyConfig */ = {
			isa = PBXGroup;
			children = (
				698F70E34828384BED2B116E /* awsconfiguration.json */,
				C42AFA19F5E0A7053707FFE1 /* amplifyconfiguration.json */,
			);
			name = AmplifyConfig;
			sourceTree = "<group>";
		};
		2B8E13FB0D963DB7F73F8C60 /* Frameworks */ = {
			isa = PBXGroup;
			children = (
				B922F38A60BFF4B57B60A399 /* Pods_TodoApp.framework */,
				15A2606FE38009DDE7EB6C9E /* Pods_TodoApp_TodoAppUITests.framework */,
				9A55C08FAE394420DE963DCF /* Pods_TodoAppTests.framework */,
			);
			name = Frameworks;
			sourceTree = "<group>";
		};
		5BBAF5BA5729FE0A8887FEF4 /* Pods */ = {
			isa = PBXGroup;
			children = (
				95EDCD9AF626E5613192543D /* Pods-TodoApp.debug.xcconfig */,
				4C97294790A515A2AFDB33D2 /* Pods-TodoApp.release.xcconfig */,
				E7F26B74B22D1A1108237ADF /* Pods-TodoApp-TodoAppUITests.debug.xcconfig */,
				69E705BCDD73A49A82E982CD /* Pods-TodoApp-TodoAppUITests.release.xcconfig */,
				2416444A1B606F86CB272378 /* Pods-TodoAppTests.debug.xcconfig */,
				535E5535F9E17976827D8D1A /* Pods-TodoAppTests.release.xcconfig */,
			);
			path = Pods;
			sourceTree = "<group>";
		};
		9136501729C6AED900F9BC29 /* UpdateTask */ = {
			isa = PBXGroup;
			children = (
				9136501829C6AFA000F9BC29 /* UpdateTaskViewController.swift */,
				9136501A29C6AFAA00F9BC29 /* UpdateTaskViewModel.swift */,
			);
			path = UpdateTask;
			sourceTree = "<group>";
		};
		9136501C29C6AFCE00F9BC29 /* AddTask */ = {
			isa = PBXGroup;
			children = (
				9136501D29C6AFE600F9BC29 /* AddTaskViewController.swift */,
				9136501F29C6AFF000F9BC29 /* AddTaskViewModel.swift */,
				91CA6F6329C8840000BC03AB /* InputTextField.swift */,
				91CA6F6529C8848200BC03AB /* InputTextView.swift */,
			);
			path = AddTask;
			sourceTree = "<group>";
		};
		9136502329C6E89D00F9BC29 /* Cell */ = {
			isa = PBXGroup;
			children = (
				9136502429C6E8EC00F9BC29 /* TaskTableViewCell.swift */,
				9136502529C6E8EC00F9BC29 /* TaskTableViewCell.xib */,
			);
			path = Cell;
			sourceTree = "<group>";
		};
		9136502829C7302B00F9BC29 /* Launch */ = {
			isa = PBXGroup;
			children = (
				9136502929C7304200F9BC29 /* LaunchViewContoller.swift */,
				9136502D29C7319700F9BC29 /* LaunchViewModel.swift */,
				9136502B29C7311600F9BC29 /* LaunchRouter.swift */,
			);
			path = Launch;
			sourceTree = "<group>";
		};
		915F06E829BA1B7100685156 /* Infra */ = {
			isa = PBXGroup;
			children = (
				91A088A229C49FDF000BF175 /* API */,
				91A033CD29BF66290019D5A9 /* Store */,
				91A033CC29BF66230019D5A9 /* Repository */,
				91A033CB29BF65FF0019D5A9 /* DB */,
			);
			path = Infra;
			sourceTree = "<group>";
		};
		915F06E929BA1B7800685156 /* Domain */ = {
			isa = PBXGroup;
			children = (
				91A088B929C550CD000BF175 /* Usecase */,
				91CFFD8929C229FF0086B5E2 /* Error */,
				91BC1A6729C0C28000500A62 /* Entity */,
			);
			path = Domain;
			sourceTree = "<group>";
		};
		915F06EA29BA1B8900685156 /* Presentation */ = {
			isa = PBXGroup;
			children = (
				9136502829C7302B00F9BC29 /* Launch */,
				91A033B829BDC4640019D5A9 /* TabBar */,
				91A033C329BDEEB20019D5A9 /* TaskList */,
				9136501729C6AED900F9BC29 /* UpdateTask */,
				9136501C29C6AFCE00F9BC29 /* AddTask */,
				91A033C629BDEF0D0019D5A9 /* Setting */,
				915F06ED29BA1BC600685156 /* SignIn */,
				915F06F029BA1CB600685156 /* Common */,
				915F06EB29BA1BA200685156 /* View */,
			);
			path = Presentation;
			sourceTree = "<group>";
		};
		915F06EB29BA1BA200685156 /* View */ = {
			isa = PBXGroup;
			children = (
				91E41A3329B7791600DA4EAE /* Main.storyboard */,
				915F06F329BA1D3900685156 /* SignIn.storyboard */,
				91A033BF29BDCAB50019D5A9 /* List.storyboard */,
				91A033C129BDCACE0019D5A9 /* Setting.storyboard */,
			);
			path = View;
			sourceTree = "<group>";
		};
		915F06ED29BA1BC600685156 /* SignIn */ = {
			isa = PBXGroup;
			children = (
				915F06EE29BA1C2200685156 /* SignInViewController.swift */,
				91C7609029BC3002003BE148 /* SignInViewModel.swift */,
				91A0333529BC9E1A0019D5A9 /* SignInRouter.swift */,
			);
			path = SignIn;
			sourceTree = "<group>";
		};
		915F06F029BA1CB600685156 /* Common */ = {
			isa = PBXGroup;
			children = (
				91CA6F6729C95C7900BC03AB /* Button */,
				915F06F129BA1CC700685156 /* BaseViewController.swift */,
				91BC1A6529C0B08D00500A62 /* VMResult.swift */,
				91CFA3F729C9A43800C7092A /* Validate.swift */,
			);
			path = Common;
			sourceTree = "<group>";
		};
		91A033B829BDC4640019D5A9 /* TabBar */ = {
			isa = PBXGroup;
			children = (
				91A033B929BDC4760019D5A9 /* TabBarController.swift */,
			);
			path = TabBar;
			sourceTree = "<group>";
		};
		91A033C329BDEEB20019D5A9 /* TaskList */ = {
			isa = PBXGroup;
			children = (
				9136502329C6E89D00F9BC29 /* Cell */,
				91A033C429BDEED20019D5A9 /* TaskListViewController.swift */,
				9136501129C5B0FE00F9BC29 /* TaskListViewModel.swift */,
				9136501529C5B24300F9BC29 /* TaskListRouter.swift */,
				9136501329C5B13200F9BC29 /* TaskInfoItem.swift */,
			);
			path = TaskList;
			sourceTree = "<group>";
		};
		91A033C629BDEF0D0019D5A9 /* Setting */ = {
			isa = PBXGroup;
			children = (
				91A033C729BDEF200019D5A9 /* SettingViewController.swift */,
				91CFFD8529C1FE420086B5E2 /* SettingRouter.swift */,
				91A033C929BDF6920019D5A9 /* SettingViewModel.swift */,
			);
			path = Setting;
			sourceTree = "<group>";
		};
		91A033CB29BF65FF0019D5A9 /* DB */ = {
			isa = PBXGroup;
			children = (
				91A033DC29BF73490019D5A9 /* Utility */,
				91A033CF29BF66460019D5A9 /* DAO */,
				91A033CE29BF663E0019D5A9 /* Record */,
				91A033D029BF675B0019D5A9 /* DatabaseDefinition.swift */,
				91A033D229BF67B10019D5A9 /* MainDatabase.swift */,
				9191411029CB6B570072BEA0 /* GRDBAccessorDB.swift */,
			);
			path = DB;
			sourceTree = "<group>";
		};
		91A033CC29BF66230019D5A9 /* Repository */ = {
			isa = PBXGroup;
			children = (
				91A033E129BF7A680019D5A9 /* UserRepository.swift */,
				91A088BC29C552BC000BF175 /* TaskRepository.swift */,
			);
			path = Repository;
			sourceTree = "<group>";
		};
		91A033CD29BF66290019D5A9 /* Store */ = {
			isa = PBXGroup;
			children = (
				91A033D829BF6E540019D5A9 /* UserLocalStore.swift */,
				9136502129C6BBA300F9BC29 /* UserRemoteStore.swift */,
				91A0889A29C49D7D000BF175 /* TaskRemoteStore.swift */,
				91A088C029C559E6000BF175 /* TaskLocalStore.swift */,
			);
			path = Store;
			sourceTree = "<group>";
		};
		91A033CE29BF663E0019D5A9 /* Record */ = {
			isa = PBXGroup;
			children = (
				91A033DA29BF6F6B0019D5A9 /* UserInfoRecord.swift */,
				91A088BE29C558E7000BF175 /* TaskInfoRecord.swift */,
			);
			path = Record;
			sourceTree = "<group>";
		};
		91A033CF29BF66460019D5A9 /* DAO */ = {
			isa = PBXGroup;
			children = (
				91A033D629BF68570019D5A9 /* UserInfoDao.swift */,
				91A088C229C58151000BF175 /* TaskInfoDao.swift */,
			);
			path = DAO;
			sourceTree = "<group>";
		};
		91A033DC29BF73490019D5A9 /* Utility */ = {
			isa = PBXGroup;
			children = (
				91A033DD29BF735B0019D5A9 /* DatabaseError.swift */,
				91A033DF29BF738A0019D5A9 /* DatabaseQueueFactory.swift */,
			);
			path = Utility;
			sourceTree = "<group>";
		};
		91A0889C29C49E8C000BF175 /* Utility */ = {
			isa = PBXGroup;
			children = (
				91A0889D29C49EB6000BF175 /* Extention */,
				91A088AF29C4A3A0000BF175 /* Constant.swift */,
				91A088B729C4B966000BF175 /* Environment.swift */,
			);
			path = Utility;
			sourceTree = "<group>";
		};
		91A0889D29C49EB6000BF175 /* Extention */ = {
			isa = PBXGroup;
			children = (
				91A0889E29C49EC8000BF175 /* SessionExtention.swift */,
				91A088A029C49F17000BF175 /* URLSessionConfigurationExtention.swift */,
				911C466B29C9CBC700A9159F /* StringExtention.swift */,
				911C466D29C9CC9C00A9159F /* DateExtention.swift */,
			);
			path = Extention;
			sourceTree = "<group>";
		};
		91A088A229C49FDF000BF175 /* API */ = {
			isa = PBXGroup;
			children = (
				91A088A629C4A13B000BF175 /* Common */,
				91A088A329C49FE7000BF175 /* Task */,
			);
			path = API;
			sourceTree = "<group>";
		};
		91A088A329C49FE7000BF175 /* Task */ = {
			isa = PBXGroup;
			children = (
				91A088A429C49FF8000BF175 /* TaskListAPI.swift */,
				91A088B329C4B484000BF175 /* UpdateTaskAPI.swift */,
				91A088B129C4A3D5000BF175 /* AddTaskAPI.swift */,
				91A088B529C4B67F000BF175 /* DeleteTaskAPI.swift */,
			);
			path = Task;
			sourceTree = "<group>";
		};
		91A088A629C4A13B000BF175 /* Common */ = {
			isa = PBXGroup;
			children = (
				91A088A729C4A147000BF175 /* APIRoutes.swift */,
				91A088A929C4A1CC000BF175 /* APIRequest.swift */,
				91A088AD29C4A26F000BF175 /* APIResult.swift */,
				91A088AB29C4A255000BF175 /* DecodableDataParser.swift */,
			);
			path = Common;
			sourceTree = "<group>";
		};
		91A088B929C550CD000BF175 /* Usecase */ = {
			isa = PBXGroup;
			children = (
				91C7609229BC3213003BE148 /* UserUseCase.swift */,
				91A088BA29C550E4000BF175 /* TaskUseCase.swift */,
			);
			path = Usecase;
			sourceTree = "<group>";
		};
		91BC1A6729C0C28000500A62 /* Entity */ = {
			isa = PBXGroup;
			children = (
				91BC1A6829C0C29000500A62 /* UserInfoAttribute.swift */,
				91A088C429C594CC000BF175 /* TaskInfo.swift */,
			);
			path = Entity;
			sourceTree = "<group>";
		};
		91CA6F6729C95C7900BC03AB /* Button */ = {
			isa = PBXGroup;
			children = (
				91CA6F6829C95C9100BC03AB /* CheckButton.swift */,
			);
			path = Button;
			sourceTree = "<group>";
		};
		91CFFD8929C229FF0086B5E2 /* Error */ = {
			isa = PBXGroup;
			children = (
				91CFFD8A29C22A0D0086B5E2 /* DomainError.swift */,
			);
			path = Error;
			sourceTree = "<group>";
		};
		91E41A2129B7791600DA4EAE = {
			isa = PBXGroup;
			children = (
				91E41A2C29B7791600DA4EAE /* TodoApp */,
				91E41A4329B7791800DA4EAE /* TodoAppTests */,
				91E41A4D29B7791800DA4EAE /* TodoAppUITests */,
				91E41A2B29B7791600DA4EAE /* Products */,
				1C854CED295BD5F676F652FF /* AmplifyConfig */,
				5BBAF5BA5729FE0A8887FEF4 /* Pods */,
				2B8E13FB0D963DB7F73F8C60 /* Frameworks */,
			);
			sourceTree = "<group>";
		};
		91E41A2B29B7791600DA4EAE /* Products */ = {
			isa = PBXGroup;
			children = (
				91E41A2A29B7791600DA4EAE /* TodoApp.app */,
				91E41A4029B7791800DA4EAE /* TodoAppTests.xctest */,
				91E41A4A29B7791800DA4EAE /* TodoAppUITests.xctest */,
			);
			name = Products;
			sourceTree = "<group>";
		};
		91E41A2C29B7791600DA4EAE /* TodoApp */ = {
			isa = PBXGroup;
			children = (
				91A0889C29C49E8C000BF175 /* Utility */,
				91A033B629BDAEAA0019D5A9 /* R.generated.swift */,
				915F06EA29BA1B8900685156 /* Presentation */,
				915F06E929BA1B7800685156 /* Domain */,
				915F06E829BA1B7100685156 /* Infra */,
				91E41A2D29B7791600DA4EAE /* AppDelegate.swift */,
				91E41A2F29B7791600DA4EAE /* SceneDelegate.swift */,
				91E41A3629B7791800DA4EAE /* Assets.xcassets */,
				91E41A3829B7791800DA4EAE /* LaunchScreen.storyboard */,
				91E41A3B29B7791800DA4EAE /* Info.plist */,
				919A407229C3541000D63E44 /* Localizable.strings */,
			);
			path = TodoApp;
			sourceTree = "<group>";
		};
		91E41A4329B7791800DA4EAE /* TodoAppTests */ = {
			isa = PBXGroup;
			children = (
				91E41A4429B7791800DA4EAE /* TodoAppTests.swift */,
			);
			path = TodoAppTests;
			sourceTree = "<group>";
		};
		91E41A4D29B7791800DA4EAE /* TodoAppUITests */ = {
			isa = PBXGroup;
			children = (
				91E41A4E29B7791800DA4EAE /* TodoAppUITests.swift */,
				91E41A5029B7791800DA4EAE /* TodoAppUITestsLaunchTests.swift */,
			);
			path = TodoAppUITests;
			sourceTree = "<group>";
		};
/* End PBXGroup section */

/* Begin PBXNativeTarget section */
		91E41A2929B7791600DA4EAE /* TodoApp */ = {
			isa = PBXNativeTarget;
			buildConfigurationList = 91E41A5429B7791800DA4EAE /* Build configuration list for PBXNativeTarget "TodoApp" */;
			buildPhases = (
				39E5B8E2A5790E094B1BE538 /* [CP] Check Pods Manifest.lock */,
				91A033B529BDA36E0019D5A9 /* ShellScript */,
				91E41A2629B7791600DA4EAE /* Sources */,
				91E41A2729B7791600DA4EAE /* Frameworks */,
				91E41A2829B7791600DA4EAE /* Resources */,
				D8B21517E9256E68A29A9B74 /* [CP] Embed Pods Frameworks */,
			);
			buildRules = (
			);
			dependencies = (
			);
			name = TodoApp;
			packageProductDependencies = (
				91C7608C29BC2E3F003BE148 /* AWSCognitoAuthPlugin */,
				91C7608E29BC2E3F003BE148 /* Amplify */,
			);
			productName = TodoApp;
			productReference = 91E41A2A29B7791600DA4EAE /* TodoApp.app */;
			productType = "com.apple.product-type.application";
		};
		91E41A3F29B7791800DA4EAE /* TodoAppTests */ = {
			isa = PBXNativeTarget;
			buildConfigurationList = 91E41A5729B7791800DA4EAE /* Build configuration list for PBXNativeTarget "TodoAppTests" */;
			buildPhases = (
				FAB2CBEF00468582C6F936F0 /* [CP] Check Pods Manifest.lock */,
				91E41A3C29B7791800DA4EAE /* Sources */,
				91E41A3D29B7791800DA4EAE /* Frameworks */,
				91E41A3E29B7791800DA4EAE /* Resources */,
			);
			buildRules = (
			);
			dependencies = (
				91E41A4229B7791800DA4EAE /* PBXTargetDependency */,
			);
			name = TodoAppTests;
			productName = TodoAppTests;
			productReference = 91E41A4029B7791800DA4EAE /* TodoAppTests.xctest */;
			productType = "com.apple.product-type.bundle.unit-test";
		};
		91E41A4929B7791800DA4EAE /* TodoAppUITests */ = {
			isa = PBXNativeTarget;
			buildConfigurationList = 91E41A5A29B7791800DA4EAE /* Build configuration list for PBXNativeTarget "TodoAppUITests" */;
			buildPhases = (
				B6C4081A647132153A4D40E0 /* [CP] Check Pods Manifest.lock */,
				91E41A4629B7791800DA4EAE /* Sources */,
				91E41A4729B7791800DA4EAE /* Frameworks */,
				91E41A4829B7791800DA4EAE /* Resources */,
				780EB34D80E4B7D78EC3A8C9 /* [CP] Embed Pods Frameworks */,
			);
			buildRules = (
			);
			dependencies = (
				91E41A4C29B7791800DA4EAE /* PBXTargetDependency */,
			);
			name = TodoAppUITests;
			productName = TodoAppUITests;
			productReference = 91E41A4A29B7791800DA4EAE /* TodoAppUITests.xctest */;
			productType = "com.apple.product-type.bundle.ui-testing";
		};
/* End PBXNativeTarget section */

/* Begin PBXProject section */
		91E41A2229B7791600DA4EAE /* Project object */ = {
			isa = PBXProject;
			attributes = {
				BuildIndependentTargetsInParallel = 1;
				LastSwiftUpdateCheck = 1420;
				LastUpgradeCheck = 1420;
				TargetAttributes = {
					91E41A2929B7791600DA4EAE = {
						CreatedOnToolsVersion = 14.2;
					};
					91E41A3F29B7791800DA4EAE = {
						CreatedOnToolsVersion = 14.2;
						TestTargetID = 91E41A2929B7791600DA4EAE;
					};
					91E41A4929B7791800DA4EAE = {
						CreatedOnToolsVersion = 14.2;
						TestTargetID = 91E41A2929B7791600DA4EAE;
					};
				};
			};
			buildConfigurationList = 91E41A2529B7791600DA4EAE /* Build configuration list for PBXProject "TodoApp" */;
			compatibilityVersion = "Xcode 14.0";
			developmentRegion = en;
			hasScannedForEncodings = 0;
			knownRegions = (
				en,
				Base,
			);
			mainGroup = 91E41A2129B7791600DA4EAE;
			packageReferences = (
				91C7608B29BC2E3F003BE148 /* XCRemoteSwiftPackageReference "amplify-swift" */,
			);
			productRefGroup = 91E41A2B29B7791600DA4EAE /* Products */;
			projectDirPath = "";
			projectRoot = "";
			targets = (
				91E41A2929B7791600DA4EAE /* TodoApp */,
				91E41A3F29B7791800DA4EAE /* TodoAppTests */,
				91E41A4929B7791800DA4EAE /* TodoAppUITests */,
			);
		};
/* End PBXProject section */

/* Begin PBXResourcesBuildPhase section */
		91E41A2829B7791600DA4EAE /* Resources */ = {
			isa = PBXResourcesBuildPhase;
			buildActionMask = 2147483647;
			files = (
				91E41A3A29B7791800DA4EAE /* LaunchScreen.storyboard in Resources */,
				91A033C029BDCAB50019D5A9 /* List.storyboard in Resources */,
				91E41A3729B7791800DA4EAE /* Assets.xcassets in Resources */,
				91E41A3529B7791600DA4EAE /* Main.storyboard in Resources */,
				9136502729C6E8EC00F9BC29 /* TaskTableViewCell.xib in Resources */,
				919A407329C3541000D63E44 /* Localizable.strings in Resources */,
				3243D1A7D823E47C10905656 /* awsconfiguration.json in Resources */,
				915F06F429BA1D3900685156 /* SignIn.storyboard in Resources */,
				1107DA970E5914BB89B2054F /* amplifyconfiguration.json in Resources */,
				91A033C229BDCACE0019D5A9 /* Setting.storyboard in Resources */,
			);
			runOnlyForDeploymentPostprocessing = 0;
		};
		91E41A3E29B7791800DA4EAE /* Resources */ = {
			isa = PBXResourcesBuildPhase;
			buildActionMask = 2147483647;
			files = (
			);
			runOnlyForDeploymentPostprocessing = 0;
		};
		91E41A4829B7791800DA4EAE /* Resources */ = {
			isa = PBXResourcesBuildPhase;
			buildActionMask = 2147483647;
			files = (
			);
			runOnlyForDeploymentPostprocessing = 0;
		};
/* End PBXResourcesBuildPhase section */

/* Begin PBXShellScriptBuildPhase section */
		39E5B8E2A5790E094B1BE538 /* [CP] Check Pods Manifest.lock */ = {
			isa = PBXShellScriptBuildPhase;
			buildActionMask = 2147483647;
			files = (
			);
			inputFileListPaths = (
			);
			inputPaths = (
				"${PODS_PODFILE_DIR_PATH}/Podfile.lock",
				"${PODS_ROOT}/Manifest.lock",
			);
			name = "[CP] Check Pods Manifest.lock";
			outputFileListPaths = (
			);
			outputPaths = (
				"$(DERIVED_FILE_DIR)/Pods-TodoApp-checkManifestLockResult.txt",
			);
			runOnlyForDeploymentPostprocessing = 0;
			shellPath = /bin/sh;
			shellScript = "diff \"${PODS_PODFILE_DIR_PATH}/Podfile.lock\" \"${PODS_ROOT}/Manifest.lock\" > /dev/null\nif [ $? != 0 ] ; then\n    # print error to STDERR\n    echo \"error: The sandbox is not in sync with the Podfile.lock. Run 'pod install' or update your CocoaPods installation.\" >&2\n    exit 1\nfi\n# This output is used by Xcode 'outputs' to avoid re-running this script phase.\necho \"SUCCESS\" > \"${SCRIPT_OUTPUT_FILE_0}\"\n";
			showEnvVarsInLog = 0;
		};
		780EB34D80E4B7D78EC3A8C9 /* [CP] Embed Pods Frameworks */ = {
			isa = PBXShellScriptBuildPhase;
			buildActionMask = 2147483647;
			files = (
			);
			inputFileListPaths = (
				"${PODS_ROOT}/Target Support Files/Pods-TodoApp-TodoAppUITests/Pods-TodoApp-TodoAppUITests-frameworks-${CONFIGURATION}-input-files.xcfilelist",
			);
			name = "[CP] Embed Pods Frameworks";
			outputFileListPaths = (
				"${PODS_ROOT}/Target Support Files/Pods-TodoApp-TodoAppUITests/Pods-TodoApp-TodoAppUITests-frameworks-${CONFIGURATION}-output-files.xcfilelist",
			);
			runOnlyForDeploymentPostprocessing = 0;
			shellPath = /bin/sh;
			shellScript = "\"${PODS_ROOT}/Target Support Files/Pods-TodoApp-TodoAppUITests/Pods-TodoApp-TodoAppUITests-frameworks.sh\"\n";
			showEnvVarsInLog = 0;
		};
		91A033B529BDA36E0019D5A9 /* ShellScript */ = {
			isa = PBXShellScriptBuildPhase;
			buildActionMask = 2147483647;
			files = (
			);
			inputFileListPaths = (
			);
			inputPaths = (
				"$(TEMP_DIR)/rswift-lastrun",
			);
			outputFileListPaths = (
			);
			outputPaths = (
				$SRCROOT/R.generated.swift,
			);
			runOnlyForDeploymentPostprocessing = 0;
			shellPath = /bin/sh;
			shellScript = "# Type a script or drag a script file from your workspace to insert its path.\n\"$PODS_ROOT/R.swift/rswift\" generate \"$SRCROOT/R.generated.swift\"\n";
		};
		B6C4081A647132153A4D40E0 /* [CP] Check Pods Manifest.lock */ = {
			isa = PBXShellScriptBuildPhase;
			buildActionMask = 2147483647;
			files = (
			);
			inputFileListPaths = (
			);
			inputPaths = (
				"${PODS_PODFILE_DIR_PATH}/Podfile.lock",
				"${PODS_ROOT}/Manifest.lock",
			);
			name = "[CP] Check Pods Manifest.lock";
			outputFileListPaths = (
			);
			outputPaths = (
				"$(DERIVED_FILE_DIR)/Pods-TodoApp-TodoAppUITests-checkManifestLockResult.txt",
			);
			runOnlyForDeploymentPostprocessing = 0;
			shellPath = /bin/sh;
			shellScript = "diff \"${PODS_PODFILE_DIR_PATH}/Podfile.lock\" \"${PODS_ROOT}/Manifest.lock\" > /dev/null\nif [ $? != 0 ] ; then\n    # print error to STDERR\n    echo \"error: The sandbox is not in sync with the Podfile.lock. Run 'pod install' or update your CocoaPods installation.\" >&2\n    exit 1\nfi\n# This output is used by Xcode 'outputs' to avoid re-running this script phase.\necho \"SUCCESS\" > \"${SCRIPT_OUTPUT_FILE_0}\"\n";
			showEnvVarsInLog = 0;
		};
		D8B21517E9256E68A29A9B74 /* [CP] Embed Pods Frameworks */ = {
			isa = PBXShellScriptBuildPhase;
			buildActionMask = 2147483647;
			files = (
			);
			inputFileListPaths = (
				"${PODS_ROOT}/Target Support Files/Pods-TodoApp/Pods-TodoApp-frameworks-${CONFIGURATION}-input-files.xcfilelist",
			);
			name = "[CP] Embed Pods Frameworks";
			outputFileListPaths = (
				"${PODS_ROOT}/Target Support Files/Pods-TodoApp/Pods-TodoApp-frameworks-${CONFIGURATION}-output-files.xcfilelist",
			);
			runOnlyForDeploymentPostprocessing = 0;
			shellPath = /bin/sh;
			shellScript = "\"${PODS_ROOT}/Target Support Files/Pods-TodoApp/Pods-TodoApp-frameworks.sh\"\n";
			showEnvVarsInLog = 0;
		};
		FAB2CBEF00468582C6F936F0 /* [CP] Check Pods Manifest.lock */ = {
			isa = PBXShellScriptBuildPhase;
			buildActionMask = 2147483647;
			files = (
			);
			inputFileListPaths = (
			);
			inputPaths = (
				"${PODS_PODFILE_DIR_PATH}/Podfile.lock",
				"${PODS_ROOT}/Manifest.lock",
			);
			name = "[CP] Check Pods Manifest.lock";
			outputFileListPaths = (
			);
			outputPaths = (
				"$(DERIVED_FILE_DIR)/Pods-TodoAppTests-checkManifestLockResult.txt",
			);
			runOnlyForDeploymentPostprocessing = 0;
			shellPath = /bin/sh;
			shellScript = "diff \"${PODS_PODFILE_DIR_PATH}/Podfile.lock\" \"${PODS_ROOT}/Manifest.lock\" > /dev/null\nif [ $? != 0 ] ; then\n    # print error to STDERR\n    echo \"error: The sandbox is not in sync with the Podfile.lock. Run 'pod install' or update your CocoaPods installation.\" >&2\n    exit 1\nfi\n# This output is used by Xcode 'outputs' to avoid re-running this script phase.\necho \"SUCCESS\" > \"${SCRIPT_OUTPUT_FILE_0}\"\n";
			showEnvVarsInLog = 0;
		};
/* End PBXShellScriptBuildPhase section */

/* Begin PBXSourcesBuildPhase section */
		91E41A2629B7791600DA4EAE /* Sources */ = {
			isa = PBXSourcesBuildPhase;
			buildActionMask = 2147483647;
			files = (
				9136502629C6E8EC00F9BC29 /* TaskTableViewCell.swift in Sources */,
				91A033DB29BF6F6B0019D5A9 /* UserInfoRecord.swift in Sources */,
				91A088C129C559E6000BF175 /* TaskLocalStore.swift in Sources */,
				9136501E29C6AFE600F9BC29 /* AddTaskViewController.swift in Sources */,
				91A033D129BF675B0019D5A9 /* DatabaseDefinition.swift in Sources */,
				9136501929C6AFA000F9BC29 /* UpdateTaskViewController.swift in Sources */,
				915F06F229BA1CC700685156 /* BaseViewController.swift in Sources */,
				91A033DE29BF735B0019D5A9 /* DatabaseError.swift in Sources */,
				91C7609329BC3213003BE148 /* UserUseCase.swift in Sources */,
				91A088B029C4A3A0000BF175 /* Constant.swift in Sources */,
				91A033D329BF67B10019D5A9 /* MainDatabase.swift in Sources */,
				915F06EF29BA1C2200685156 /* SignInViewController.swift in Sources */,
				91CFA3F829C9A43800C7092A /* Validate.swift in Sources */,
				91BC1A6929C0C29000500A62 /* UserInfoAttribute.swift in Sources */,
				91A088B429C4B484000BF175 /* UpdateTaskAPI.swift in Sources */,
				91A033D929BF6E540019D5A9 /* UserLocalStore.swift in Sources */,
				91A033C829BDEF200019D5A9 /* SettingViewController.swift in Sources */,
				9136501629C5B24300F9BC29 /* TaskListRouter.swift in Sources */,
				91A033E029BF738A0019D5A9 /* DatabaseQueueFactory.swift in Sources */,
				91A0889F29C49EC8000BF175 /* SessionExtention.swift in Sources */,
				91A088AA29C4A1CC000BF175 /* APIRequest.swift in Sources */,
				9136502E29C7319700F9BC29 /* LaunchViewModel.swift in Sources */,
				91C7609129BC3002003BE148 /* SignInViewModel.swift in Sources */,
				9136502229C6BBA300F9BC29 /* UserRemoteStore.swift in Sources */,
				91A033E229BF7A680019D5A9 /* UserRepository.swift in Sources */,
				91CA6F6429C8840000BC03AB /* InputTextField.swift in Sources */,
				91A088B229C4A3D5000BF175 /* AddTaskAPI.swift in Sources */,
				9136501429C5B13200F9BC29 /* TaskInfoItem.swift in Sources */,
				91CFFD8B29C22A0D0086B5E2 /* DomainError.swift in Sources */,
				91A088C329C58151000BF175 /* TaskInfoDao.swift in Sources */,
				91A033D729BF68570019D5A9 /* UserInfoDao.swift in Sources */,
				91A033C529BDEED20019D5A9 /* TaskListViewController.swift in Sources */,
				91CFFD8629C1FE420086B5E2 /* SettingRouter.swift in Sources */,
				91A088B629C4B67F000BF175 /* DeleteTaskAPI.swift in Sources */,
				911C466C29C9CBC700A9159F /* StringExtention.swift in Sources */,
				91A0889B29C49D7D000BF175 /* TaskRemoteStore.swift in Sources */,
				9136502A29C7304200F9BC29 /* LaunchViewContoller.swift in Sources */,
				9136501229C5B0FE00F9BC29 /* TaskListViewModel.swift in Sources */,
				91A0333629BC9E1A0019D5A9 /* SignInRouter.swift in Sources */,
				9191411129CB6B570072BEA0 /* GRDBAccessorDB.swift in Sources */,
				911C466E29C9CC9C00A9159F /* DateExtention.swift in Sources */,
				91BC1A6629C0B08D00500A62 /* VMResult.swift in Sources */,
				91A088A829C4A147000BF175 /* APIRoutes.swift in Sources */,
				9136502029C6AFF000F9BC29 /* AddTaskViewModel.swift in Sources */,
				91A088A529C49FF8000BF175 /* TaskListAPI.swift in Sources */,
				91A088AE29C4A26F000BF175 /* APIResult.swift in Sources */,
				91E41A2E29B7791600DA4EAE /* AppDelegate.swift in Sources */,
				91A088BB29C550E4000BF175 /* TaskUseCase.swift in Sources */,
				91A088BD29C552BC000BF175 /* TaskRepository.swift in Sources */,
				91A033CA29BDF6920019D5A9 /* SettingViewModel.swift in Sources */,
				91CA6F6629C8848200BC03AB /* InputTextView.swift in Sources */,
				91A033BA29BDC4760019D5A9 /* TabBarController.swift in Sources */,
				91A033B729BDAEAA0019D5A9 /* R.generated.swift in Sources */,
				91A088B829C4B966000BF175 /* Environment.swift in Sources */,
				9136502C29C7311600F9BC29 /* LaunchRouter.swift in Sources */,
				91A088A129C49F17000BF175 /* URLSessionConfigurationExtention.swift in Sources */,
				91A088BF29C558E7000BF175 /* TaskInfoRecord.swift in Sources */,
				91A088C529C594CC000BF175 /* TaskInfo.swift in Sources */,
				91A088AC29C4A255000BF175 /* DecodableDataParser.swift in Sources */,
				9136501B29C6AFAA00F9BC29 /* UpdateTaskViewModel.swift in Sources */,
				91CA6F6929C95C9100BC03AB /* CheckButton.swift in Sources */,
				91E41A3029B7791600DA4EAE /* SceneDelegate.swift in Sources */,
			);
			runOnlyForDeploymentPostprocessing = 0;
		};
		91E41A3C29B7791800DA4EAE /* Sources */ = {
			isa = PBXSourcesBuildPhase;
			buildActionMask = 2147483647;
			files = (
				91E41A4529B7791800DA4EAE /* TodoAppTests.swift in Sources */,
			);
			runOnlyForDeploymentPostprocessing = 0;
		};
		91E41A4629B7791800DA4EAE /* Sources */ = {
			isa = PBXSourcesBuildPhase;
			buildActionMask = 2147483647;
			files = (
				91E41A5129B7791800DA4EAE /* TodoAppUITestsLaunchTests.swift in Sources */,
				91E41A4F29B7791800DA4EAE /* TodoAppUITests.swift in Sources */,
			);
			runOnlyForDeploymentPostprocessing = 0;
		};
/* End PBXSourcesBuildPhase section */

/* Begin PBXTargetDependency section */
		91E41A4229B7791800DA4EAE /* PBXTargetDependency */ = {
			isa = PBXTargetDependency;
			target = 91E41A2929B7791600DA4EAE /* TodoApp */;
			targetProxy = 91E41A4129B7791800DA4EAE /* PBXContainerItemProxy */;
		};
		91E41A4C29B7791800DA4EAE /* PBXTargetDependency */ = {
			isa = PBXTargetDependency;
			target = 91E41A2929B7791600DA4EAE /* TodoApp */;
			targetProxy = 91E41A4B29B7791800DA4EAE /* PBXContainerItemProxy */;
		};
/* End PBXTargetDependency section */

/* Begin PBXVariantGroup section */
		91E41A3329B7791600DA4EAE /* Main.storyboard */ = {
			isa = PBXVariantGroup;
			children = (
				91E41A3429B7791600DA4EAE /* Base */,
			);
			name = Main.storyboard;
			sourceTree = "<group>";
		};
		91E41A3829B7791800DA4EAE /* LaunchScreen.storyboard */ = {
			isa = PBXVariantGroup;
			children = (
				91E41A3929B7791800DA4EAE /* Base */,
			);
			name = LaunchScreen.storyboard;
			sourceTree = "<group>";
		};
/* End PBXVariantGroup section */

/* Begin XCBuildConfiguration section */
		91E41A5229B7791800DA4EAE /* Debug */ = {
			isa = XCBuildConfiguration;
			buildSettings = {
				ALWAYS_SEARCH_USER_PATHS = NO;
				CLANG_ANALYZER_NONNULL = YES;
				CLANG_ANALYZER_NUMBER_OBJECT_CONVERSION = YES_AGGRESSIVE;
				CLANG_CXX_LANGUAGE_STANDARD = "gnu++20";
				CLANG_ENABLE_MODULES = YES;
				CLANG_ENABLE_OBJC_ARC = YES;
				CLANG_ENABLE_OBJC_WEAK = YES;
				CLANG_WARN_BLOCK_CAPTURE_AUTORELEASING = YES;
				CLANG_WARN_BOOL_CONVERSION = YES;
				CLANG_WARN_COMMA = YES;
				CLANG_WARN_CONSTANT_CONVERSION = YES;
				CLANG_WARN_DEPRECATED_OBJC_IMPLEMENTATIONS = YES;
				CLANG_WARN_DIRECT_OBJC_ISA_USAGE = YES_ERROR;
				CLANG_WARN_DOCUMENTATION_COMMENTS = YES;
				CLANG_WARN_EMPTY_BODY = YES;
				CLANG_WARN_ENUM_CONVERSION = YES;
				CLANG_WARN_INFINITE_RECURSION = YES;
				CLANG_WARN_INT_CONVERSION = YES;
				CLANG_WARN_NON_LITERAL_NULL_CONVERSION = YES;
				CLANG_WARN_OBJC_IMPLICIT_RETAIN_SELF = YES;
				CLANG_WARN_OBJC_LITERAL_CONVERSION = YES;
				CLANG_WARN_OBJC_ROOT_CLASS = YES_ERROR;
				CLANG_WARN_QUOTED_INCLUDE_IN_FRAMEWORK_HEADER = YES;
				CLANG_WARN_RANGE_LOOP_ANALYSIS = YES;
				CLANG_WARN_STRICT_PROTOTYPES = YES;
				CLANG_WARN_SUSPICIOUS_MOVE = YES;
				CLANG_WARN_UNGUARDED_AVAILABILITY = YES_AGGRESSIVE;
				CLANG_WARN_UNREACHABLE_CODE = YES;
				CLANG_WARN__DUPLICATE_METHOD_MATCH = YES;
				COPY_PHASE_STRIP = NO;
				DEBUG_INFORMATION_FORMAT = dwarf;
				ENABLE_STRICT_OBJC_MSGSEND = YES;
				ENABLE_TESTABILITY = YES;
				GCC_C_LANGUAGE_STANDARD = gnu11;
				GCC_DYNAMIC_NO_PIC = NO;
				GCC_NO_COMMON_BLOCKS = YES;
				GCC_OPTIMIZATION_LEVEL = 0;
				GCC_PREPROCESSOR_DEFINITIONS = (
					"DEBUG=1",
					"$(inherited)",
				);
				GCC_WARN_64_TO_32_BIT_CONVERSION = YES;
				GCC_WARN_ABOUT_RETURN_TYPE = YES_ERROR;
				GCC_WARN_UNDECLARED_SELECTOR = YES;
				GCC_WARN_UNINITIALIZED_AUTOS = YES_AGGRESSIVE;
				GCC_WARN_UNUSED_FUNCTION = YES;
				GCC_WARN_UNUSED_VARIABLE = YES;
				IPHONEOS_DEPLOYMENT_TARGET = 14.0;
				MTL_ENABLE_DEBUG_INFO = INCLUDE_SOURCE;
				MTL_FAST_MATH = YES;
				ONLY_ACTIVE_ARCH = YES;
				SDKROOT = iphoneos;
				SWIFT_ACTIVE_COMPILATION_CONDITIONS = DEBUG;
				SWIFT_OPTIMIZATION_LEVEL = "-Onone";
			};
			name = Debug;
		};
		91E41A5329B7791800DA4EAE /* Release */ = {
			isa = XCBuildConfiguration;
			buildSettings = {
				ALWAYS_SEARCH_USER_PATHS = NO;
				CLANG_ANALYZER_NONNULL = YES;
				CLANG_ANALYZER_NUMBER_OBJECT_CONVERSION = YES_AGGRESSIVE;
				CLANG_CXX_LANGUAGE_STANDARD = "gnu++20";
				CLANG_ENABLE_MODULES = YES;
				CLANG_ENABLE_OBJC_ARC = YES;
				CLANG_ENABLE_OBJC_WEAK = YES;
				CLANG_WARN_BLOCK_CAPTURE_AUTORELEASING = YES;
				CLANG_WARN_BOOL_CONVERSION = YES;
				CLANG_WARN_COMMA = YES;
				CLANG_WARN_CONSTANT_CONVERSION = YES;
				CLANG_WARN_DEPRECATED_OBJC_IMPLEMENTATIONS = YES;
				CLANG_WARN_DIRECT_OBJC_ISA_USAGE = YES_ERROR;
				CLANG_WARN_DOCUMENTATION_COMMENTS = YES;
				CLANG_WARN_EMPTY_BODY = YES;
				CLANG_WARN_ENUM_CONVERSION = YES;
				CLANG_WARN_INFINITE_RECURSION = YES;
				CLANG_WARN_INT_CONVERSION = YES;
				CLANG_WARN_NON_LITERAL_NULL_CONVERSION = YES;
				CLANG_WARN_OBJC_IMPLICIT_RETAIN_SELF = YES;
				CLANG_WARN_OBJC_LITERAL_CONVERSION = YES;
				CLANG_WARN_OBJC_ROOT_CLASS = YES_ERROR;
				CLANG_WARN_QUOTED_INCLUDE_IN_FRAMEWORK_HEADER = YES;
				CLANG_WARN_RANGE_LOOP_ANALYSIS = YES;
				CLANG_WARN_STRICT_PROTOTYPES = YES;
				CLANG_WARN_SUSPICIOUS_MOVE = YES;
				CLANG_WARN_UNGUARDED_AVAILABILITY = YES_AGGRESSIVE;
				CLANG_WARN_UNREACHABLE_CODE = YES;
				CLANG_WARN__DUPLICATE_METHOD_MATCH = YES;
				COPY_PHASE_STRIP = NO;
				DEBUG_INFORMATION_FORMAT = "dwarf-with-dsym";
				ENABLE_NS_ASSERTIONS = NO;
				ENABLE_STRICT_OBJC_MSGSEND = YES;
				GCC_C_LANGUAGE_STANDARD = gnu11;
				GCC_NO_COMMON_BLOCKS = YES;
				GCC_WARN_64_TO_32_BIT_CONVERSION = YES;
				GCC_WARN_ABOUT_RETURN_TYPE = YES_ERROR;
				GCC_WARN_UNDECLARED_SELECTOR = YES;
				GCC_WARN_UNINITIALIZED_AUTOS = YES_AGGRESSIVE;
				GCC_WARN_UNUSED_FUNCTION = YES;
				GCC_WARN_UNUSED_VARIABLE = YES;
				IPHONEOS_DEPLOYMENT_TARGET = 14.0;
				MTL_ENABLE_DEBUG_INFO = NO;
				MTL_FAST_MATH = YES;
				SDKROOT = iphoneos;
				SWIFT_COMPILATION_MODE = wholemodule;
				SWIFT_OPTIMIZATION_LEVEL = "-O";
				VALIDATE_PRODUCT = YES;
			};
			name = Release;
		};
		91E41A5529B7791800DA4EAE /* Debug */ = {
			isa = XCBuildConfiguration;
			baseConfigurationReference = 95EDCD9AF626E5613192543D /* Pods-TodoApp.debug.xcconfig */;
			buildSettings = {
				ASSETCATALOG_COMPILER_APPICON_NAME = AppIcon;
				ASSETCATALOG_COMPILER_GLOBAL_ACCENT_COLOR_NAME = AccentColor;
				CODE_SIGN_STYLE = Automatic;
				CURRENT_PROJECT_VERSION = 1;
				GENERATE_INFOPLIST_FILE = YES;
				INFOPLIST_FILE = TodoApp/Info.plist;
				INFOPLIST_KEY_UIApplicationSupportsIndirectInputEvents = YES;
				INFOPLIST_KEY_UILaunchStoryboardName = LaunchScreen;
				INFOPLIST_KEY_UIMainStoryboardFile = Main;
				INFOPLIST_KEY_UISupportedInterfaceOrientations_iPad = "UIInterfaceOrientationPortrait UIInterfaceOrientationPortraitUpsideDown UIInterfaceOrientationLandscapeLeft UIInterfaceOrientationLandscapeRight";
				INFOPLIST_KEY_UISupportedInterfaceOrientations_iPhone = "UIInterfaceOrientationPortrait UIInterfaceOrientationLandscapeLeft UIInterfaceOrientationLandscapeRight";
				IPHONEOS_DEPLOYMENT_TARGET = 14.0;
				LD_RUNPATH_SEARCH_PATHS = (
					"$(inherited)",
					"@executable_path/Frameworks",
				);
				MARKETING_VERSION = 1.0;
				PRODUCT_BUNDLE_IDENTIFIER = onodera.s.identifier.TodoApp;
				PRODUCT_NAME = "$(TARGET_NAME)";
				SWIFT_EMIT_LOC_STRINGS = YES;
				SWIFT_VERSION = 5.0;
				TARGETED_DEVICE_FAMILY = "1,2";
			};
			name = Debug;
		};
		91E41A5629B7791800DA4EAE /* Release */ = {
			isa = XCBuildConfiguration;
			baseConfigurationReference = 4C97294790A515A2AFDB33D2 /* Pods-TodoApp.release.xcconfig */;
			buildSettings = {
				ASSETCATALOG_COMPILER_APPICON_NAME = AppIcon;
				ASSETCATALOG_COMPILER_GLOBAL_ACCENT_COLOR_NAME = AccentColor;
				CODE_SIGN_STYLE = Automatic;
				CURRENT_PROJECT_VERSION = 1;
				GENERATE_INFOPLIST_FILE = YES;
				INFOPLIST_FILE = TodoApp/Info.plist;
				INFOPLIST_KEY_UIApplicationSupportsIndirectInputEvents = YES;
				INFOPLIST_KEY_UILaunchStoryboardName = LaunchScreen;
				INFOPLIST_KEY_UIMainStoryboardFile = Main;
				INFOPLIST_KEY_UISupportedInterfaceOrientations_iPad = "UIInterfaceOrientationPortrait UIInterfaceOrientationPortraitUpsideDown UIInterfaceOrientationLandscapeLeft UIInterfaceOrientationLandscapeRight";
				INFOPLIST_KEY_UISupportedInterfaceOrientations_iPhone = "UIInterfaceOrientationPortrait UIInterfaceOrientationLandscapeLeft UIInterfaceOrientationLandscapeRight";
				IPHONEOS_DEPLOYMENT_TARGET = 14.0;
				LD_RUNPATH_SEARCH_PATHS = (
					"$(inherited)",
					"@executable_path/Frameworks",
				);
				MARKETING_VERSION = 1.0;
				PRODUCT_BUNDLE_IDENTIFIER = onodera.s.identifier.TodoApp;
				PRODUCT_NAME = "$(TARGET_NAME)";
				SWIFT_EMIT_LOC_STRINGS = YES;
				SWIFT_VERSION = 5.0;
				TARGETED_DEVICE_FAMILY = "1,2";
			};
			name = Release;
		};
		91E41A5829B7791800DA4EAE /* Debug */ = {
			isa = XCBuildConfiguration;
			baseConfigurationReference = 2416444A1B606F86CB272378 /* Pods-TodoAppTests.debug.xcconfig */;
			buildSettings = {
				ALWAYS_EMBED_SWIFT_STANDARD_LIBRARIES = YES;
				BUNDLE_LOADER = "$(TEST_HOST)";
				CODE_SIGN_STYLE = Automatic;
				CURRENT_PROJECT_VERSION = 1;
				GENERATE_INFOPLIST_FILE = YES;
				IPHONEOS_DEPLOYMENT_TARGET = 16.2;
				MARKETING_VERSION = 1.0;
				PRODUCT_BUNDLE_IDENTIFIER = onodera.s.identifier.TodoAppTests;
				PRODUCT_NAME = "$(TARGET_NAME)";
				SWIFT_EMIT_LOC_STRINGS = NO;
				SWIFT_VERSION = 5.0;
				TARGETED_DEVICE_FAMILY = "1,2";
				TEST_HOST = "$(BUILT_PRODUCTS_DIR)/TodoApp.app/$(BUNDLE_EXECUTABLE_FOLDER_PATH)/TodoApp";
			};
			name = Debug;
		};
		91E41A5929B7791800DA4EAE /* Release */ = {
			isa = XCBuildConfiguration;
			baseConfigurationReference = 535E5535F9E17976827D8D1A /* Pods-TodoAppTests.release.xcconfig */;
			buildSettings = {
				ALWAYS_EMBED_SWIFT_STANDARD_LIBRARIES = YES;
				BUNDLE_LOADER = "$(TEST_HOST)";
				CODE_SIGN_STYLE = Automatic;
				CURRENT_PROJECT_VERSION = 1;
				GENERATE_INFOPLIST_FILE = YES;
				IPHONEOS_DEPLOYMENT_TARGET = 16.2;
				MARKETING_VERSION = 1.0;
				PRODUCT_BUNDLE_IDENTIFIER = onodera.s.identifier.TodoAppTests;
				PRODUCT_NAME = "$(TARGET_NAME)";
				SWIFT_EMIT_LOC_STRINGS = NO;
				SWIFT_VERSION = 5.0;
				TARGETED_DEVICE_FAMILY = "1,2";
				TEST_HOST = "$(BUILT_PRODUCTS_DIR)/TodoApp.app/$(BUNDLE_EXECUTABLE_FOLDER_PATH)/TodoApp";
			};
			name = Release;
		};
		91E41A5B29B7791800DA4EAE /* Debug */ = {
			isa = XCBuildConfiguration;
			baseConfigurationReference = E7F26B74B22D1A1108237ADF /* Pods-TodoApp-TodoAppUITests.debug.xcconfig */;
			buildSettings = {
				ALWAYS_EMBED_SWIFT_STANDARD_LIBRARIES = YES;
				CODE_SIGN_STYLE = Automatic;
				CURRENT_PROJECT_VERSION = 1;
				GENERATE_INFOPLIST_FILE = YES;
				MARKETING_VERSION = 1.0;
				PRODUCT_BUNDLE_IDENTIFIER = onodera.s.identifier.TodoAppUITests;
				PRODUCT_NAME = "$(TARGET_NAME)";
				SWIFT_EMIT_LOC_STRINGS = NO;
				SWIFT_VERSION = 5.0;
				TARGETED_DEVICE_FAMILY = "1,2";
				TEST_TARGET_NAME = TodoApp;
			};
			name = Debug;
		};
		91E41A5C29B7791800DA4EAE /* Release */ = {
			isa = XCBuildConfiguration;
			baseConfigurationReference = 69E705BCDD73A49A82E982CD /* Pods-TodoApp-TodoAppUITests.release.xcconfig */;
			buildSettings = {
				ALWAYS_EMBED_SWIFT_STANDARD_LIBRARIES = YES;
				CODE_SIGN_STYLE = Automatic;
				CURRENT_PROJECT_VERSION = 1;
				GENERATE_INFOPLIST_FILE = YES;
				MARKETING_VERSION = 1.0;
				PRODUCT_BUNDLE_IDENTIFIER = onodera.s.identifier.TodoAppUITests;
				PRODUCT_NAME = "$(TARGET_NAME)";
				SWIFT_EMIT_LOC_STRINGS = NO;
				SWIFT_VERSION = 5.0;
				TARGETED_DEVICE_FAMILY = "1,2";
				TEST_TARGET_NAME = TodoApp;
			};
			name = Release;
		};
/* End XCBuildConfiguration section */

/* Begin XCConfigurationList section */
		91E41A2529B7791600DA4EAE /* Build configuration list for PBXProject "TodoApp" */ = {
			isa = XCConfigurationList;
			buildConfigurations = (
				91E41A5229B7791800DA4EAE /* Debug */,
				91E41A5329B7791800DA4EAE /* Release */,
			);
			defaultConfigurationIsVisible = 0;
			defaultConfigurationName = Release;
		};
		91E41A5429B7791800DA4EAE /* Build configuration list for PBXNativeTarget "TodoApp" */ = {
			isa = XCConfigurationList;
			buildConfigurations = (
				91E41A5529B7791800DA4EAE /* Debug */,
				91E41A5629B7791800DA4EAE /* Release */,
			);
			defaultConfigurationIsVisible = 0;
			defaultConfigurationName = Release;
		};
		91E41A5729B7791800DA4EAE /* Build configuration list for PBXNativeTarget "TodoAppTests" */ = {
			isa = XCConfigurationList;
			buildConfigurations = (
				91E41A5829B7791800DA4EAE /* Debug */,
				91E41A5929B7791800DA4EAE /* Release */,
			);
			defaultConfigurationIsVisible = 0;
			defaultConfigurationName = Release;
		};
		91E41A5A29B7791800DA4EAE /* Build configuration list for PBXNativeTarget "TodoAppUITests" */ = {
			isa = XCConfigurationList;
			buildConfigurations = (
				91E41A5B29B7791800DA4EAE /* Debug */,
				91E41A5C29B7791800DA4EAE /* Release */,
			);
			defaultConfigurationIsVisible = 0;
			defaultConfigurationName = Release;
		};
/* End XCConfigurationList section */

/* Begin XCRemoteSwiftPackageReference section */
		91C7608B29BC2E3F003BE148 /* XCRemoteSwiftPackageReference "amplify-swift" */ = {
			isa = XCRemoteSwiftPackageReference;
			repositoryURL = "https://github.com/aws-amplify/amplify-swift";
			requirement = {
				kind = upToNextMajorVersion;
				minimumVersion = 2.0.0;
			};
		};
/* End XCRemoteSwiftPackageReference section */

/* Begin XCSwiftPackageProductDependency section */
		91C7608C29BC2E3F003BE148 /* AWSCognitoAuthPlugin */ = {
			isa = XCSwiftPackageProductDependency;
			package = 91C7608B29BC2E3F003BE148 /* XCRemoteSwiftPackageReference "amplify-swift" */;
			productName = AWSCognitoAuthPlugin;
		};
		91C7608E29BC2E3F003BE148 /* Amplify */ = {
			isa = XCSwiftPackageProductDependency;
			package = 91C7608B29BC2E3F003BE148 /* XCRemoteSwiftPackageReference "amplify-swift" */;
			productName = Amplify;
		};
/* End XCSwiftPackageProductDependency section */
	};
	rootObject = 91E41A2229B7791600DA4EAE /* Project object */;
}
