// !$*UTF8*$!
{
	archiveVersion = 1;
	classes = {
	};
	objectVersion = 51;
	objects = {

/* Begin PBXBuildFile section */
		913CF33326D39F5400B6F0C9 /* Const.swift in Sources */ = {isa = PBXBuildFile; fileRef = 913CF33226D39F5400B6F0C9 /* Const.swift */; };
		914B70E326CFB0B800E6C8F8 /* String+Extention.swift in Sources */ = {isa = PBXBuildFile; fileRef = 914B70E226CFB0B800E6C8F8 /* String+Extention.swift */; };
		914B70E626CFCB6300E6C8F8 /* InputContentTextView.swift in Sources */ = {isa = PBXBuildFile; fileRef = 914B70E526CFCB6300E6C8F8 /* InputContentTextView.swift */; };
		914B70E926CFDF6F00E6C8F8 /* InputTitleTextField.swift in Sources */ = {isa = PBXBuildFile; fileRef = 914B70E826CFDF6F00E6C8F8 /* InputTitleTextField.swift */; };
		918FBC0226BD406D00C7276F /* AppDelegate.swift in Sources */ = {isa = PBXBuildFile; fileRef = 918FBC0126BD406D00C7276F /* AppDelegate.swift */; };
		918FBC0426BD406D00C7276F /* SceneDelegate.swift in Sources */ = {isa = PBXBuildFile; fileRef = 918FBC0326BD406D00C7276F /* SceneDelegate.swift */; };
		918FBC0926BD406D00C7276F /* Main.storyboard in Resources */ = {isa = PBXBuildFile; fileRef = 918FBC0726BD406D00C7276F /* Main.storyboard */; };
		918FBC0B26BD406E00C7276F /* Assets.xcassets in Resources */ = {isa = PBXBuildFile; fileRef = 918FBC0A26BD406E00C7276F /* Assets.xcassets */; };
		918FBC0E26BD406E00C7276F /* LaunchScreen.storyboard in Resources */ = {isa = PBXBuildFile; fileRef = 918FBC0C26BD406E00C7276F /* LaunchScreen.storyboard */; };
		918FBC1C26BD412E00C7276F /* ListViewController.swift in Sources */ = {isa = PBXBuildFile; fileRef = 918FBC1B26BD412E00C7276F /* ListViewController.swift */; };
		918FBC2026BD509B00C7276F /* ListTableViewCell.swift in Sources */ = {isa = PBXBuildFile; fileRef = 918FBC1E26BD509B00C7276F /* ListTableViewCell.swift */; };
		918FBC2126BD509B00C7276F /* ListTableViewCell.xib in Resources */ = {isa = PBXBuildFile; fileRef = 918FBC1F26BD509B00C7276F /* ListTableViewCell.xib */; };
		918FBC2426BD50D800C7276F /* Task.swift in Sources */ = {isa = PBXBuildFile; fileRef = 918FBC2326BD50D800C7276F /* Task.swift */; };
		918FBC2726BD638A00C7276F /* PostViewController.swift in Sources */ = {isa = PBXBuildFile; fileRef = 918FBC2626BD638A00C7276F /* PostViewController.swift */; };
		918FBC2C26BE724B00C7276F /* API.swift in Sources */ = {isa = PBXBuildFile; fileRef = 918FBC2B26BE724B00C7276F /* API.swift */; };
		9197FB9626C8E80F0023129D /* List.storyboard in Resources */ = {isa = PBXBuildFile; fileRef = 9197FB9526C8E80F0023129D /* List.storyboard */; };
		9197FB9C26C8F06C0023129D /* TabBarViewController.swift in Sources */ = {isa = PBXBuildFile; fileRef = 9197FB9B26C8F06C0023129D /* TabBarViewController.swift */; };
		9197FBA026C900BC0023129D /* Calendar.storyboard in Resources */ = {isa = PBXBuildFile; fileRef = 9197FB9F26C900BC0023129D /* Calendar.storyboard */; };
		919BF75E26D3AD7E00224219 /* FSCalendar+Extention.swift in Sources */ = {isa = PBXBuildFile; fileRef = 919BF75D26D3AD7E00224219 /* FSCalendar+Extention.swift */; };
		919BF76126D3AD8900224219 /* FSCalendar+Extention.swift in Sources */ = {isa = PBXBuildFile; fileRef = 919BF75D26D3AD7E00224219 /* FSCalendar+Extention.swift */; };
		919BF76426D3AD9100224219 /* Const.swift in Sources */ = {isa = PBXBuildFile; fileRef = 913CF33226D39F5400B6F0C9 /* Const.swift */; };
		919BF76A26D46A8F00224219 /* Check.swift in Sources */ = {isa = PBXBuildFile; fileRef = 919BF76926D46A8F00224219 /* Check.swift */; };
		919BF76B26D46A8F00224219 /* Check.swift in Sources */ = {isa = PBXBuildFile; fileRef = 919BF76926D46A8F00224219 /* Check.swift */; };
		919BF77126D5287400224219 /* CheckTests.swift in Sources */ = {isa = PBXBuildFile; fileRef = 919BF77026D5287400224219 /* CheckTests.swift */; };
		91A0CDB426D2032D00BF0D3B /* API.swift in Sources */ = {isa = PBXBuildFile; fileRef = 918FBC2B26BE724B00C7276F /* API.swift */; };
		91A0CDD326D2087B00BF0D3B /* Task.swift in Sources */ = {isa = PBXBuildFile; fileRef = 918FBC2326BD50D800C7276F /* Task.swift */; };
		91A0CDD626D2088F00BF0D3B /* PostViewController.swift in Sources */ = {isa = PBXBuildFile; fileRef = 918FBC2626BD638A00C7276F /* PostViewController.swift */; };
		91A0CDD926D2089E00BF0D3B /* ListTableViewCell.swift in Sources */ = {isa = PBXBuildFile; fileRef = 918FBC1E26BD509B00C7276F /* ListTableViewCell.swift */; };
		91A0CDDA26D208A500BF0D3B /* TabBarViewController.swift in Sources */ = {isa = PBXBuildFile; fileRef = 9197FB9B26C8F06C0023129D /* TabBarViewController.swift */; };
		91A0CDDD26D208AB00BF0D3B /* LoginViewController.swift in Sources */ = {isa = PBXBuildFile; fileRef = 91E5A85B26C0000700AD927C /* LoginViewController.swift */; };
		91A0CDE026D208AE00BF0D3B /* AccountCreateViewController.swift in Sources */ = {isa = PBXBuildFile; fileRef = 91E5A85E26C0C7EC00AD927C /* AccountCreateViewController.swift */; };
		91A0CDE326D208B100BF0D3B /* EditViewController.swift in Sources */ = {isa = PBXBuildFile; fileRef = 91F9E85C26C90D7100EEA991 /* EditViewController.swift */; };
		91A0CDE626D208B400BF0D3B /* CalendarViewController.swift in Sources */ = {isa = PBXBuildFile; fileRef = 91A3AA5326CA9125003678F3 /* CalendarViewController.swift */; };
		91A0CDE926D208B700BF0D3B /* DateSelectViewController.swift in Sources */ = {isa = PBXBuildFile; fileRef = 91A3AA6426CE6EBF003678F3 /* DateSelectViewController.swift */; };
		91A0CDED26D208C000BF0D3B /* InputContentTextView.swift in Sources */ = {isa = PBXBuildFile; fileRef = 914B70E526CFCB6300E6C8F8 /* InputContentTextView.swift */; };
		91A0CDF026D208C300BF0D3B /* InputTitleTextField.swift in Sources */ = {isa = PBXBuildFile; fileRef = 914B70E826CFDF6F00E6C8F8 /* InputTitleTextField.swift */; };
		91A0CDF326D208C800BF0D3B /* AppDelegate.swift in Sources */ = {isa = PBXBuildFile; fileRef = 918FBC0126BD406D00C7276F /* AppDelegate.swift */; };
		91A0CDF426D208CB00BF0D3B /* SceneDelegate.swift in Sources */ = {isa = PBXBuildFile; fileRef = 918FBC0326BD406D00C7276F /* SceneDelegate.swift */; };
		91A0CDF926D208E600BF0D3B /* Date+Extention.swift in Sources */ = {isa = PBXBuildFile; fileRef = 91F9E87026C9DCF200EEA991 /* Date+Extention.swift */; };
		91A0CDFA26D208E900BF0D3B /* String+Extention.swift in Sources */ = {isa = PBXBuildFile; fileRef = 914B70E226CFB0B800E6C8F8 /* String+Extention.swift */; };
		91A0CE0426D20B6F00BF0D3B /* APITest.swift in Sources */ = {isa = PBXBuildFile; fileRef = 91A0CDCF26D207AA00BF0D3B /* APITest.swift */; };
		91A3AA5426CA9125003678F3 /* CalendarViewController.swift in Sources */ = {isa = PBXBuildFile; fileRef = 91A3AA5326CA9125003678F3 /* CalendarViewController.swift */; };
		91A3AA6526CE6EBF003678F3 /* DateSelectViewController.swift in Sources */ = {isa = PBXBuildFile; fileRef = 91A3AA6426CE6EBF003678F3 /* DateSelectViewController.swift */; };
		91E3984726D1FC7000F410C6 /* TodoAppTests.swift in Sources */ = {isa = PBXBuildFile; fileRef = 91E3984626D1FC7000F410C6 /* TodoAppTests.swift */; };
		91E3985026D1FDE600F410C6 /* ListViewController.swift in Sources */ = {isa = PBXBuildFile; fileRef = 918FBC1B26BD412E00C7276F /* ListViewController.swift */; };
		91E5A84A26BFF8F600AD927C /* GoogleService-Info.plist in Resources */ = {isa = PBXBuildFile; fileRef = 91E5A84926BFF8F600AD927C /* GoogleService-Info.plist */; };
		91E5A85C26C0000700AD927C /* LoginViewController.swift in Sources */ = {isa = PBXBuildFile; fileRef = 91E5A85B26C0000700AD927C /* LoginViewController.swift */; };
		91E5A85F26C0C7EC00AD927C /* AccountCreateViewController.swift in Sources */ = {isa = PBXBuildFile; fileRef = 91E5A85E26C0C7EC00AD927C /* AccountCreateViewController.swift */; };
		91F9E85D26C90D7100EEA991 /* EditViewController.swift in Sources */ = {isa = PBXBuildFile; fileRef = 91F9E85C26C90D7100EEA991 /* EditViewController.swift */; };
		91F9E87126C9DCF200EEA991 /* Date+Extention.swift in Sources */ = {isa = PBXBuildFile; fileRef = 91F9E87026C9DCF200EEA991 /* Date+Extention.swift */; };
		CCEE34DC30F58871DA6E4F99 /* Pods_TodoAppTests.framework in Frameworks */ = {isa = PBXBuildFile; fileRef = ACF0600EC541B32ABB70BFEC /* Pods_TodoAppTests.framework */; };
		F59EA5199BD3427965106169 /* Pods_TodoApp.framework in Frameworks */ = {isa = PBXBuildFile; fileRef = B19F359E121CFD7B2C2A5756 /* Pods_TodoApp.framework */; };
/* End PBXBuildFile section */

/* Begin PBXContainerItemProxy section */
		91E3984926D1FC7000F410C6 /* PBXContainerItemProxy */ = {
			isa = PBXContainerItemProxy;
			containerPortal = 918FBBF626BD406D00C7276F /* Project object */;
			proxyType = 1;
			remoteGlobalIDString = 918FBBFD26BD406D00C7276F;
			remoteInfo = TodoApp;
		};
/* End PBXContainerItemProxy section */

/* Begin PBXFileReference section */
		69C73DBCB475EDE977C2BCFA /* Pods-TodoApp.debug.xcconfig */ = {isa = PBXFileReference; includeInIndex = 1; lastKnownFileType = text.xcconfig; name = "Pods-TodoApp.debug.xcconfig"; path = "Target Support Files/Pods-TodoApp/Pods-TodoApp.debug.xcconfig"; sourceTree = "<group>"; };
		6B3DCD4AA100272637902B75 /* Pods-TodoApp.release.xcconfig */ = {isa = PBXFileReference; includeInIndex = 1; lastKnownFileType = text.xcconfig; name = "Pods-TodoApp.release.xcconfig"; path = "Target Support Files/Pods-TodoApp/Pods-TodoApp.release.xcconfig"; sourceTree = "<group>"; };
		8A9AD66CEA8AB21AC7993BC9 /* Pods-TodoAppTests.release.xcconfig */ = {isa = PBXFileReference; includeInIndex = 1; lastKnownFileType = text.xcconfig; name = "Pods-TodoAppTests.release.xcconfig"; path = "Target Support Files/Pods-TodoAppTests/Pods-TodoAppTests.release.xcconfig"; sourceTree = "<group>"; };
		913CF33226D39F5400B6F0C9 /* Const.swift */ = {isa = PBXFileReference; lastKnownFileType = sourcecode.swift; path = Const.swift; sourceTree = "<group>"; };
		914B70E226CFB0B800E6C8F8 /* String+Extention.swift */ = {isa = PBXFileReference; lastKnownFileType = sourcecode.swift; path = "String+Extention.swift"; sourceTree = "<group>"; };
		914B70E526CFCB6300E6C8F8 /* InputContentTextView.swift */ = {isa = PBXFileReference; lastKnownFileType = sourcecode.swift; path = InputContentTextView.swift; sourceTree = "<group>"; };
		914B70E826CFDF6F00E6C8F8 /* InputTitleTextField.swift */ = {isa = PBXFileReference; lastKnownFileType = sourcecode.swift; path = InputTitleTextField.swift; sourceTree = "<group>"; };
		918FBBFE26BD406D00C7276F /* TodoApp.app */ = {isa = PBXFileReference; explicitFileType = wrapper.application; includeInIndex = 0; path = TodoApp.app; sourceTree = BUILT_PRODUCTS_DIR; };
		918FBC0126BD406D00C7276F /* AppDelegate.swift */ = {isa = PBXFileReference; lastKnownFileType = sourcecode.swift; path = AppDelegate.swift; sourceTree = "<group>"; };
		918FBC0326BD406D00C7276F /* SceneDelegate.swift */ = {isa = PBXFileReference; lastKnownFileType = sourcecode.swift; path = SceneDelegate.swift; sourceTree = "<group>"; };
		918FBC0826BD406D00C7276F /* Base */ = {isa = PBXFileReference; lastKnownFileType = file.storyboard; name = Base; path = Base.lproj/Main.storyboard; sourceTree = "<group>"; };
		918FBC0A26BD406E00C7276F /* Assets.xcassets */ = {isa = PBXFileReference; lastKnownFileType = folder.assetcatalog; path = Assets.xcassets; sourceTree = "<group>"; };
		918FBC0D26BD406E00C7276F /* Base */ = {isa = PBXFileReference; lastKnownFileType = file.storyboard; name = Base; path = Base.lproj/LaunchScreen.storyboard; sourceTree = "<group>"; };
		918FBC0F26BD406E00C7276F /* Info.plist */ = {isa = PBXFileReference; lastKnownFileType = text.plist.xml; path = Info.plist; sourceTree = "<group>"; };
		918FBC1B26BD412E00C7276F /* ListViewController.swift */ = {isa = PBXFileReference; lastKnownFileType = sourcecode.swift; path = ListViewController.swift; sourceTree = "<group>"; };
		918FBC1E26BD509B00C7276F /* ListTableViewCell.swift */ = {isa = PBXFileReference; lastKnownFileType = sourcecode.swift; path = ListTableViewCell.swift; sourceTree = "<group>"; };
		918FBC1F26BD509B00C7276F /* ListTableViewCell.xib */ = {isa = PBXFileReference; lastKnownFileType = file.xib; path = ListTableViewCell.xib; sourceTree = "<group>"; };
		918FBC2326BD50D800C7276F /* Task.swift */ = {isa = PBXFileReference; lastKnownFileType = sourcecode.swift; path = Task.swift; sourceTree = "<group>"; };
		918FBC2626BD638A00C7276F /* PostViewController.swift */ = {isa = PBXFileReference; lastKnownFileType = sourcecode.swift; path = PostViewController.swift; sourceTree = "<group>"; };
		918FBC2B26BE724B00C7276F /* API.swift */ = {isa = PBXFileReference; lastKnownFileType = sourcecode.swift; path = API.swift; sourceTree = "<group>"; };
		9197FB9526C8E80F0023129D /* List.storyboard */ = {isa = PBXFileReference; lastKnownFileType = file.storyboard; path = List.storyboard; sourceTree = "<group>"; };
		9197FB9B26C8F06C0023129D /* TabBarViewController.swift */ = {isa = PBXFileReference; lastKnownFileType = sourcecode.swift; path = TabBarViewController.swift; sourceTree = "<group>"; };
		9197FB9F26C900BC0023129D /* Calendar.storyboard */ = {isa = PBXFileReference; lastKnownFileType = file.storyboard; path = Calendar.storyboard; sourceTree = "<group>"; };
		919BF75D26D3AD7E00224219 /* FSCalendar+Extention.swift */ = {isa = PBXFileReference; lastKnownFileType = sourcecode.swift; path = "FSCalendar+Extention.swift"; sourceTree = "<group>"; };
		919BF76926D46A8F00224219 /* Check.swift */ = {isa = PBXFileReference; lastKnownFileType = sourcecode.swift; path = Check.swift; sourceTree = "<group>"; };
		919BF77026D5287400224219 /* CheckTests.swift */ = {isa = PBXFileReference; lastKnownFileType = sourcecode.swift; path = CheckTests.swift; sourceTree = "<group>"; };
		91A0CDCF26D207AA00BF0D3B /* APITest.swift */ = {isa = PBXFileReference; lastKnownFileType = sourcecode.swift; path = APITest.swift; sourceTree = "<group>"; };
		91A3AA5326CA9125003678F3 /* CalendarViewController.swift */ = {isa = PBXFileReference; lastKnownFileType = sourcecode.swift; path = CalendarViewController.swift; sourceTree = "<group>"; };
		91A3AA6426CE6EBF003678F3 /* DateSelectViewController.swift */ = {isa = PBXFileReference; lastKnownFileType = sourcecode.swift; path = DateSelectViewController.swift; sourceTree = "<group>"; };
		91E3984426D1FC7000F410C6 /* TodoAppTests.xctest */ = {isa = PBXFileReference; explicitFileType = wrapper.cfbundle; includeInIndex = 0; path = TodoAppTests.xctest; sourceTree = BUILT_PRODUCTS_DIR; };
		91E3984626D1FC7000F410C6 /* TodoAppTests.swift */ = {isa = PBXFileReference; lastKnownFileType = sourcecode.swift; path = TodoAppTests.swift; sourceTree = "<group>"; };
		91E3984826D1FC7000F410C6 /* Info.plist */ = {isa = PBXFileReference; lastKnownFileType = text.plist.xml; path = Info.plist; sourceTree = "<group>"; };
		91E5A84926BFF8F600AD927C /* GoogleService-Info.plist */ = {isa = PBXFileReference; fileEncoding = 4; lastKnownFileType = text.plist.xml; path = "GoogleService-Info.plist"; sourceTree = "<group>"; };
		91E5A85B26C0000700AD927C /* LoginViewController.swift */ = {isa = PBXFileReference; lastKnownFileType = sourcecode.swift; path = LoginViewController.swift; sourceTree = "<group>"; };
		91E5A85E26C0C7EC00AD927C /* AccountCreateViewController.swift */ = {isa = PBXFileReference; lastKnownFileType = sourcecode.swift; path = AccountCreateViewController.swift; sourceTree = "<group>"; };
		91F9E85C26C90D7100EEA991 /* EditViewController.swift */ = {isa = PBXFileReference; lastKnownFileType = sourcecode.swift; path = EditViewController.swift; sourceTree = "<group>"; };
		91F9E87026C9DCF200EEA991 /* Date+Extention.swift */ = {isa = PBXFileReference; lastKnownFileType = sourcecode.swift; path = "Date+Extention.swift"; sourceTree = "<group>"; };
		ACF0600EC541B32ABB70BFEC /* Pods_TodoAppTests.framework */ = {isa = PBXFileReference; explicitFileType = wrapper.framework; includeInIndex = 0; path = Pods_TodoAppTests.framework; sourceTree = BUILT_PRODUCTS_DIR; };
		B19F359E121CFD7B2C2A5756 /* Pods_TodoApp.framework */ = {isa = PBXFileReference; explicitFileType = wrapper.framework; includeInIndex = 0; path = Pods_TodoApp.framework; sourceTree = BUILT_PRODUCTS_DIR; };
		DA63A85D9D7DF5A927F8269D /* Pods-TodoAppTests.debug.xcconfig */ = {isa = PBXFileReference; includeInIndex = 1; lastKnownFileType = text.xcconfig; name = "Pods-TodoAppTests.debug.xcconfig"; path = "Target Support Files/Pods-TodoAppTests/Pods-TodoAppTests.debug.xcconfig"; sourceTree = "<group>"; };
/* End PBXFileReference section */

/* Begin PBXFrameworksBuildPhase section */
		918FBBFB26BD406D00C7276F /* Frameworks */ = {
			isa = PBXFrameworksBuildPhase;
			buildActionMask = 2147483647;
			files = (
				F59EA5199BD3427965106169 /* Pods_TodoApp.framework in Frameworks */,
			);
			runOnlyForDeploymentPostprocessing = 0;
		};
		91E3984126D1FC7000F410C6 /* Frameworks */ = {
			isa = PBXFrameworksBuildPhase;
			buildActionMask = 2147483647;
			files = (
				CCEE34DC30F58871DA6E4F99 /* Pods_TodoAppTests.framework in Frameworks */,
			);
			runOnlyForDeploymentPostprocessing = 0;
		};
/* End PBXFrameworksBuildPhase section */

/* Begin PBXGroup section */
		918FBBF526BD406D00C7276F = {
			isa = PBXGroup;
			children = (
				918FBC0026BD406D00C7276F /* TodoApp */,
				91E3984526D1FC7000F410C6 /* TodoAppTests */,
				918FBBFF26BD406D00C7276F /* Products */,
				AB034B725C8115D2A272668C /* Pods */,
				E3A59981A08C6D9CBD130709 /* Frameworks */,
			);
			sourceTree = "<group>";
		};
		918FBBFF26BD406D00C7276F /* Products */ = {
			isa = PBXGroup;
			children = (
				918FBBFE26BD406D00C7276F /* TodoApp.app */,
				91E3984426D1FC7000F410C6 /* TodoAppTests.xctest */,
			);
			name = Products;
			sourceTree = "<group>";
		};
		918FBC0026BD406D00C7276F /* TodoApp */ = {
			isa = PBXGroup;
			children = (
				918FBC1826BD40E300C7276F /* Model */,
				918FBC1926BD40E800C7276F /* View */,
				918FBC1626BD40D400C7276F /* Controller */,
				918FBC2A26BE723500C7276F /* Service */,
				91A3AA5726CB28CA003678F3 /* Common */,
				91F9E86F26C9DCE000EEA991 /* Extention */,
				9197FB9926C8EA7F0023129D /* Storyboard */,
				918FBC0126BD406D00C7276F /* AppDelegate.swift */,
				918FBC0326BD406D00C7276F /* SceneDelegate.swift */,
				918FBC0A26BD406E00C7276F /* Assets.xcassets */,
				91E5A84926BFF8F600AD927C /* GoogleService-Info.plist */,
				918FBC0F26BD406E00C7276F /* Info.plist */,
			);
			path = TodoApp;
			sourceTree = "<group>";
		};
		918FBC1626BD40D400C7276F /* Controller */ = {
			isa = PBXGroup;
			children = (
				9197FB9B26C8F06C0023129D /* TabBarViewController.swift */,
				918FBC1B26BD412E00C7276F /* ListViewController.swift */,
				918FBC2626BD638A00C7276F /* PostViewController.swift */,
				91E5A85B26C0000700AD927C /* LoginViewController.swift */,
				91E5A85E26C0C7EC00AD927C /* AccountCreateViewController.swift */,
				91F9E85C26C90D7100EEA991 /* EditViewController.swift */,
				91A3AA5326CA9125003678F3 /* CalendarViewController.swift */,
				91A3AA6426CE6EBF003678F3 /* DateSelectViewController.swift */,
			);
			path = Controller;
			sourceTree = "<group>";
		};
		918FBC1826BD40E300C7276F /* Model */ = {
			isa = PBXGroup;
			children = (
				918FBC2326BD50D800C7276F /* Task.swift */,
			);
			path = Model;
			sourceTree = "<group>";
		};
		918FBC1926BD40E800C7276F /* View */ = {
			isa = PBXGroup;
			children = (
				918FBC1E26BD509B00C7276F /* ListTableViewCell.swift */,
				918FBC1F26BD509B00C7276F /* ListTableViewCell.xib */,
			);
			path = View;
			sourceTree = "<group>";
		};
		918FBC2A26BE723500C7276F /* Service */ = {
			isa = PBXGroup;
			children = (
				918FBC2B26BE724B00C7276F /* API.swift */,
			);
			path = Service;
			sourceTree = "<group>";
		};
		9197FB9926C8EA7F0023129D /* Storyboard */ = {
			isa = PBXGroup;
			children = (
				918FBC0726BD406D00C7276F /* Main.storyboard */,
				9197FB9526C8E80F0023129D /* List.storyboard */,
				9197FB9F26C900BC0023129D /* Calendar.storyboard */,
				918FBC0C26BD406E00C7276F /* LaunchScreen.storyboard */,
			);
			path = Storyboard;
			sourceTree = "<group>";
		};
		91A3AA5726CB28CA003678F3 /* Common */ = {
			isa = PBXGroup;
			children = (
				914B70E526CFCB6300E6C8F8 /* InputContentTextView.swift */,
				914B70E826CFDF6F00E6C8F8 /* InputTitleTextField.swift */,
				913CF33226D39F5400B6F0C9 /* Const.swift */,
				919BF76926D46A8F00224219 /* Check.swift */,
			);
			path = Common;
			sourceTree = "<group>";
		};
		91E3984526D1FC7000F410C6 /* TodoAppTests */ = {
			isa = PBXGroup;
			children = (
				91E3984626D1FC7000F410C6 /* TodoAppTests.swift */,
				91A0CDCF26D207AA00BF0D3B /* APITest.swift */,
				91E3984826D1FC7000F410C6 /* Info.plist */,
				919BF77026D5287400224219 /* CheckTests.swift */,
			);
			path = TodoAppTests;
			sourceTree = "<group>";
		};
		91F9E86F26C9DCE000EEA991 /* Extention */ = {
			isa = PBXGroup;
			children = (
				91F9E87026C9DCF200EEA991 /* Date+Extention.swift */,
				914B70E226CFB0B800E6C8F8 /* String+Extention.swift */,
				919BF75D26D3AD7E00224219 /* FSCalendar+Extention.swift */,
			);
			path = Extention;
			sourceTree = "<group>";
		};
		AB034B725C8115D2A272668C /* Pods */ = {
			isa = PBXGroup;
			children = (
				69C73DBCB475EDE977C2BCFA /* Pods-TodoApp.debug.xcconfig */,
				6B3DCD4AA100272637902B75 /* Pods-TodoApp.release.xcconfig */,
				DA63A85D9D7DF5A927F8269D /* Pods-TodoAppTests.debug.xcconfig */,
				8A9AD66CEA8AB21AC7993BC9 /* Pods-TodoAppTests.release.xcconfig */,
			);
			path = Pods;
			sourceTree = "<group>";
		};
		E3A59981A08C6D9CBD130709 /* Frameworks */ = {
			isa = PBXGroup;
			children = (
				B19F359E121CFD7B2C2A5756 /* Pods_TodoApp.framework */,
				ACF0600EC541B32ABB70BFEC /* Pods_TodoAppTests.framework */,
			);
			name = Frameworks;
			sourceTree = "<group>";
		};
/* End PBXGroup section */

/* Begin PBXNativeTarget section */
		918FBBFD26BD406D00C7276F /* TodoApp */ = {
			isa = PBXNativeTarget;
			buildConfigurationList = 918FBC1226BD406E00C7276F /* Build configuration list for PBXNativeTarget "TodoApp" */;
			buildPhases = (
				F5905AF7334A12675DAEB0A8 /* [CP] Check Pods Manifest.lock */,
				918FBBFA26BD406D00C7276F /* Sources */,
				918FBBFB26BD406D00C7276F /* Frameworks */,
				918FBBFC26BD406D00C7276F /* Resources */,
				16975EDE93433B351B2D211D /* [CP] Embed Pods Frameworks */,
			);
			buildRules = (
			);
			dependencies = (
			);
			name = TodoApp;
			productName = TodoApp;
			productReference = 918FBBFE26BD406D00C7276F /* TodoApp.app */;
			productType = "com.apple.product-type.application";
		};
		91E3984326D1FC7000F410C6 /* TodoAppTests */ = {
			isa = PBXNativeTarget;
			buildConfigurationList = 91E3984D26D1FC7000F410C6 /* Build configuration list for PBXNativeTarget "TodoAppTests" */;
			buildPhases = (
				6B35D1263AF37A4D68AD4302 /* [CP] Check Pods Manifest.lock */,
				91E3984026D1FC7000F410C6 /* Sources */,
				91E3984126D1FC7000F410C6 /* Frameworks */,
				91E3984226D1FC7000F410C6 /* Resources */,
				B1898FF425E9C4C888F42D86 /* [CP] Embed Pods Frameworks */,
			);
			buildRules = (
			);
			dependencies = (
				91E3984A26D1FC7000F410C6 /* PBXTargetDependency */,
			);
			name = TodoAppTests;
			productName = TodoAppTests;
			productReference = 91E3984426D1FC7000F410C6 /* TodoAppTests.xctest */;
			productType = "com.apple.product-type.bundle.unit-test";
		};
/* End PBXNativeTarget section */

/* Begin PBXProject section */
		918FBBF626BD406D00C7276F /* Project object */ = {
			isa = PBXProject;
			attributes = {
				LastSwiftUpdateCheck = 1210;
				LastUpgradeCheck = 1210;
				TargetAttributes = {
					918FBBFD26BD406D00C7276F = {
						CreatedOnToolsVersion = 12.1;
					};
					91E3984326D1FC7000F410C6 = {
						CreatedOnToolsVersion = 12.1;
						TestTargetID = 918FBBFD26BD406D00C7276F;
					};
				};
			};
			buildConfigurationList = 918FBBF926BD406D00C7276F /* Build configuration list for PBXProject "TodoApp" */;
			compatibilityVersion = "Xcode 9.3";
			developmentRegion = en;
			hasScannedForEncodings = 0;
			knownRegions = (
				en,
				Base,
			);
			mainGroup = 918FBBF526BD406D00C7276F;
			productRefGroup = 918FBBFF26BD406D00C7276F /* Products */;
			projectDirPath = "";
			projectRoot = "";
			targets = (
				918FBBFD26BD406D00C7276F /* TodoApp */,
				91E3984326D1FC7000F410C6 /* TodoAppTests */,
			);
		};
/* End PBXProject section */

/* Begin PBXResourcesBuildPhase section */
		918FBBFC26BD406D00C7276F /* Resources */ = {
			isa = PBXResourcesBuildPhase;
			buildActionMask = 2147483647;
			files = (
				918FBC0E26BD406E00C7276F /* LaunchScreen.storyboard in Resources */,
				918FBC2126BD509B00C7276F /* ListTableViewCell.xib in Resources */,
				91E5A84A26BFF8F600AD927C /* GoogleService-Info.plist in Resources */,
				918FBC0B26BD406E00C7276F /* Assets.xcassets in Resources */,
				9197FB9626C8E80F0023129D /* List.storyboard in Resources */,
				918FBC0926BD406D00C7276F /* Main.storyboard in Resources */,
				9197FBA026C900BC0023129D /* Calendar.storyboard in Resources */,
			);
			runOnlyForDeploymentPostprocessing = 0;
		};
		91E3984226D1FC7000F410C6 /* Resources */ = {
			isa = PBXResourcesBuildPhase;
			buildActionMask = 2147483647;
			files = (
			);
			runOnlyForDeploymentPostprocessing = 0;
		};
/* End PBXResourcesBuildPhase section */

/* Begin PBXShellScriptBuildPhase section */
		16975EDE93433B351B2D211D /* [CP] Embed Pods Frameworks */ = {
			isa = PBXShellScriptBuildPhase;
			buildActionMask = 2147483647;
			files = (
			);
			inputFileListPaths = (
				"${PODS_ROOT}/Target Support Files/Pods-TodoApp/Pods-TodoApp-frameworks-${CONFIGURATION}-input-files.xcfilelist",
			);
			name = "[CP] Embed Pods Frameworks";
			outputFileListPaths = (
				"${PODS_ROOT}/Target Support Files/Pods-TodoApp/Pods-TodoApp-frameworks-${CONFIGURATION}-output-files.xcfilelist",
			);
			runOnlyForDeploymentPostprocessing = 0;
			shellPath = /bin/sh;
			shellScript = "\"${PODS_ROOT}/Target Support Files/Pods-TodoApp/Pods-TodoApp-frameworks.sh\"\n";
			showEnvVarsInLog = 0;
		};
		6B35D1263AF37A4D68AD4302 /* [CP] Check Pods Manifest.lock */ = {
			isa = PBXShellScriptBuildPhase;
			buildActionMask = 2147483647;
			files = (
			);
			inputFileListPaths = (
			);
			inputPaths = (
				"${PODS_PODFILE_DIR_PATH}/Podfile.lock",
				"${PODS_ROOT}/Manifest.lock",
			);
			name = "[CP] Check Pods Manifest.lock";
			outputFileListPaths = (
			);
			outputPaths = (
				"$(DERIVED_FILE_DIR)/Pods-TodoAppTests-checkManifestLockResult.txt",
			);
			runOnlyForDeploymentPostprocessing = 0;
			shellPath = /bin/sh;
			shellScript = "diff \"${PODS_PODFILE_DIR_PATH}/Podfile.lock\" \"${PODS_ROOT}/Manifest.lock\" > /dev/null\nif [ $? != 0 ] ; then\n    # print error to STDERR\n    echo \"error: The sandbox is not in sync with the Podfile.lock. Run 'pod install' or update your CocoaPods installation.\" >&2\n    exit 1\nfi\n# This output is used by Xcode 'outputs' to avoid re-running this script phase.\necho \"SUCCESS\" > \"${SCRIPT_OUTPUT_FILE_0}\"\n";
			showEnvVarsInLog = 0;
		};
		B1898FF425E9C4C888F42D86 /* [CP] Embed Pods Frameworks */ = {
			isa = PBXShellScriptBuildPhase;
			buildActionMask = 2147483647;
			files = (
			);
			inputFileListPaths = (
				"${PODS_ROOT}/Target Support Files/Pods-TodoAppTests/Pods-TodoAppTests-frameworks-${CONFIGURATION}-input-files.xcfilelist",
			);
			name = "[CP] Embed Pods Frameworks";
			outputFileListPaths = (
				"${PODS_ROOT}/Target Support Files/Pods-TodoAppTests/Pods-TodoAppTests-frameworks-${CONFIGURATION}-output-files.xcfilelist",
			);
			runOnlyForDeploymentPostprocessing = 0;
			shellPath = /bin/sh;
			shellScript = "\"${PODS_ROOT}/Target Support Files/Pods-TodoAppTests/Pods-TodoAppTests-frameworks.sh\"\n";
			showEnvVarsInLog = 0;
		};
		F5905AF7334A12675DAEB0A8 /* [CP] Check Pods Manifest.lock */ = {
			isa = PBXShellScriptBuildPhase;
			buildActionMask = 2147483647;
			files = (
			);
			inputFileListPaths = (
			);
			inputPaths = (
				"${PODS_PODFILE_DIR_PATH}/Podfile.lock",
				"${PODS_ROOT}/Manifest.lock",
			);
			name = "[CP] Check Pods Manifest.lock";
			outputFileListPaths = (
			);
			outputPaths = (
				"$(DERIVED_FILE_DIR)/Pods-TodoApp-checkManifestLockResult.txt",
			);
			runOnlyForDeploymentPostprocessing = 0;
			shellPath = /bin/sh;
			shellScript = "diff \"${PODS_PODFILE_DIR_PATH}/Podfile.lock\" \"${PODS_ROOT}/Manifest.lock\" > /dev/null\nif [ $? != 0 ] ; then\n    # print error to STDERR\n    echo \"error: The sandbox is not in sync with the Podfile.lock. Run 'pod install' or update your CocoaPods installation.\" >&2\n    exit 1\nfi\n# This output is used by Xcode 'outputs' to avoid re-running this script phase.\necho \"SUCCESS\" > \"${SCRIPT_OUTPUT_FILE_0}\"\n";
			showEnvVarsInLog = 0;
		};
/* End PBXShellScriptBuildPhase section */

/* Begin PBXSourcesBuildPhase section */
		918FBBFA26BD406D00C7276F /* Sources */ = {
			isa = PBXSourcesBuildPhase;
			buildActionMask = 2147483647;
			files = (
				918FBC2726BD638A00C7276F /* PostViewController.swift in Sources */,
				913CF33326D39F5400B6F0C9 /* Const.swift in Sources */,
				914B70E326CFB0B800E6C8F8 /* String+Extention.swift in Sources */,
				9197FB9C26C8F06C0023129D /* TabBarViewController.swift in Sources */,
				918FBC0226BD406D00C7276F /* AppDelegate.swift in Sources */,
				918FBC2026BD509B00C7276F /* ListTableViewCell.swift in Sources */,
				918FBC2426BD50D800C7276F /* Task.swift in Sources */,
				914B70E626CFCB6300E6C8F8 /* InputContentTextView.swift in Sources */,
				91E5A85F26C0C7EC00AD927C /* AccountCreateViewController.swift in Sources */,
				91A3AA6526CE6EBF003678F3 /* DateSelectViewController.swift in Sources */,
				91E5A85C26C0000700AD927C /* LoginViewController.swift in Sources */,
				918FBC0426BD406D00C7276F /* SceneDelegate.swift in Sources */,
				91A3AA5426CA9125003678F3 /* CalendarViewController.swift in Sources */,
				919BF75E26D3AD7E00224219 /* FSCalendar+Extention.swift in Sources */,
				918FBC1C26BD412E00C7276F /* ListViewController.swift in Sources */,
				914B70E926CFDF6F00E6C8F8 /* InputTitleTextField.swift in Sources */,
				91F9E85D26C90D7100EEA991 /* EditViewController.swift in Sources */,
				91F9E87126C9DCF200EEA991 /* Date+Extention.swift in Sources */,
				919BF76A26D46A8F00224219 /* Check.swift in Sources */,
				918FBC2C26BE724B00C7276F /* API.swift in Sources */,
			);
			runOnlyForDeploymentPostprocessing = 0;
		};
		91E3984026D1FC7000F410C6 /* Sources */ = {
			isa = PBXSourcesBuildPhase;
			buildActionMask = 2147483647;
			files = (
				91A0CDE626D208B400BF0D3B /* CalendarViewController.swift in Sources */,
				91A0CDF926D208E600BF0D3B /* Date+Extention.swift in Sources */,
				91A0CDDD26D208AB00BF0D3B /* LoginViewController.swift in Sources */,
				91A0CDDA26D208A500BF0D3B /* TabBarViewController.swift in Sources */,
				919BF76426D3AD9100224219 /* Const.swift in Sources */,
				91A0CDE026D208AE00BF0D3B /* AccountCreateViewController.swift in Sources */,
				919BF76126D3AD8900224219 /* FSCalendar+Extention.swift in Sources */,
				91A0CDD926D2089E00BF0D3B /* ListTableViewCell.swift in Sources */,
				91A0CDD626D2088F00BF0D3B /* PostViewController.swift in Sources */,
				91A0CDE926D208B700BF0D3B /* DateSelectViewController.swift in Sources */,
				91E3985026D1FDE600F410C6 /* ListViewController.swift in Sources */,
				919BF77126D5287400224219 /* CheckTests.swift in Sources */,
				919BF76B26D46A8F00224219 /* Check.swift in Sources */,
				91A0CDB426D2032D00BF0D3B /* API.swift in Sources */,
				91A0CDD326D2087B00BF0D3B /* Task.swift in Sources */,
				91A0CDF426D208CB00BF0D3B /* SceneDelegate.swift in Sources */,
				91A0CDFA26D208E900BF0D3B /* String+Extention.swift in Sources */,
				91A0CDED26D208C000BF0D3B /* InputContentTextView.swift in Sources */,
				91A0CDE326D208B100BF0D3B /* EditViewController.swift in Sources */,
				91E3984726D1FC7000F410C6 /* TodoAppTests.swift in Sources */,
				91A0CDF326D208C800BF0D3B /* AppDelegate.swift in Sources */,
				91A0CE0426D20B6F00BF0D3B /* APITest.swift in Sources */,
				91A0CDF026D208C300BF0D3B /* InputTitleTextField.swift in Sources */,
			);
			runOnlyForDeploymentPostprocessing = 0;
		};
/* End PBXSourcesBuildPhase section */

/* Begin PBXTargetDependency section */
		91E3984A26D1FC7000F410C6 /* PBXTargetDependency */ = {
			isa = PBXTargetDependency;
			target = 918FBBFD26BD406D00C7276F /* TodoApp */;
			targetProxy = 91E3984926D1FC7000F410C6 /* PBXContainerItemProxy */;
		};
/* End PBXTargetDependency section */

/* Begin PBXVariantGroup section */
		918FBC0726BD406D00C7276F /* Main.storyboard */ = {
			isa = PBXVariantGroup;
			children = (
				918FBC0826BD406D00C7276F /* Base */,
			);
			name = Main.storyboard;
			sourceTree = "<group>";
		};
		918FBC0C26BD406E00C7276F /* LaunchScreen.storyboard */ = {
			isa = PBXVariantGroup;
			children = (
				918FBC0D26BD406E00C7276F /* Base */,
			);
			name = LaunchScreen.storyboard;
			sourceTree = "<group>";
		};
/* End PBXVariantGroup section */

/* Begin XCBuildConfiguration section */
		918FBC1026BD406E00C7276F /* Debug */ = {
			isa = XCBuildConfiguration;
			buildSettings = {
				ALWAYS_SEARCH_USER_PATHS = NO;
				CLANG_ANALYZER_NONNULL = YES;
				CLANG_ANALYZER_NUMBER_OBJECT_CONVERSION = YES_AGGRESSIVE;
				CLANG_CXX_LANGUAGE_STANDARD = "gnu++14";
				CLANG_CXX_LIBRARY = "libc++";
				CLANG_ENABLE_MODULES = YES;
				CLANG_ENABLE_OBJC_ARC = YES;
				CLANG_ENABLE_OBJC_WEAK = YES;
				CLANG_WARN_BLOCK_CAPTURE_AUTORELEASING = YES;
				CLANG_WARN_BOOL_CONVERSION = YES;
				CLANG_WARN_COMMA = YES;
				CLANG_WARN_CONSTANT_CONVERSION = YES;
				CLANG_WARN_DEPRECATED_OBJC_IMPLEMENTATIONS = YES;
				CLANG_WARN_DIRECT_OBJC_ISA_USAGE = YES_ERROR;
				CLANG_WARN_DOCUMENTATION_COMMENTS = YES;
				CLANG_WARN_EMPTY_BODY = YES;
				CLANG_WARN_ENUM_CONVERSION = YES;
				CLANG_WARN_INFINITE_RECURSION = YES;
				CLANG_WARN_INT_CONVERSION = YES;
				CLANG_WARN_NON_LITERAL_NULL_CONVERSION = YES;
				CLANG_WARN_OBJC_IMPLICIT_RETAIN_SELF = YES;
				CLANG_WARN_OBJC_LITERAL_CONVERSION = YES;
				CLANG_WARN_OBJC_ROOT_CLASS = YES_ERROR;
				CLANG_WARN_QUOTED_INCLUDE_IN_FRAMEWORK_HEADER = YES;
				CLANG_WARN_RANGE_LOOP_ANALYSIS = YES;
				CLANG_WARN_STRICT_PROTOTYPES = YES;
				CLANG_WARN_SUSPICIOUS_MOVE = YES;
				CLANG_WARN_UNGUARDED_AVAILABILITY = YES_AGGRESSIVE;
				CLANG_WARN_UNREACHABLE_CODE = YES;
				CLANG_WARN__DUPLICATE_METHOD_MATCH = YES;
				COPY_PHASE_STRIP = NO;
				DEBUG_INFORMATION_FORMAT = dwarf;
				ENABLE_STRICT_OBJC_MSGSEND = YES;
				ENABLE_TESTABILITY = YES;
				GCC_C_LANGUAGE_STANDARD = gnu11;
				GCC_DYNAMIC_NO_PIC = NO;
				GCC_NO_COMMON_BLOCKS = YES;
				GCC_OPTIMIZATION_LEVEL = 0;
				GCC_PREPROCESSOR_DEFINITIONS = (
					"DEBUG=1",
					"$(inherited)",
				);
				GCC_WARN_64_TO_32_BIT_CONVERSION = YES;
				GCC_WARN_ABOUT_RETURN_TYPE = YES_ERROR;
				GCC_WARN_UNDECLARED_SELECTOR = YES;
				GCC_WARN_UNINITIALIZED_AUTOS = YES_AGGRESSIVE;
				GCC_WARN_UNUSED_FUNCTION = YES;
				GCC_WARN_UNUSED_VARIABLE = YES;
				IPHONEOS_DEPLOYMENT_TARGET = 14.1;
				MTL_ENABLE_DEBUG_INFO = INCLUDE_SOURCE;
				MTL_FAST_MATH = YES;
				ONLY_ACTIVE_ARCH = YES;
				SDKROOT = iphoneos;
				SWIFT_ACTIVE_COMPILATION_CONDITIONS = DEBUG;
				SWIFT_OPTIMIZATION_LEVEL = "-Onone";
			};
			name = Debug;
		};
		918FBC1126BD406E00C7276F /* Release */ = {
			isa = XCBuildConfiguration;
			buildSettings = {
				ALWAYS_SEARCH_USER_PATHS = NO;
				CLANG_ANALYZER_NONNULL = YES;
				CLANG_ANALYZER_NUMBER_OBJECT_CONVERSION = YES_AGGRESSIVE;
				CLANG_CXX_LANGUAGE_STANDARD = "gnu++14";
				CLANG_CXX_LIBRARY = "libc++";
				CLANG_ENABLE_MODULES = YES;
				CLANG_ENABLE_OBJC_ARC = YES;
				CLANG_ENABLE_OBJC_WEAK = YES;
				CLANG_WARN_BLOCK_CAPTURE_AUTORELEASING = YES;
				CLANG_WARN_BOOL_CONVERSION = YES;
				CLANG_WARN_COMMA = YES;
				CLANG_WARN_CONSTANT_CONVERSION = YES;
				CLANG_WARN_DEPRECATED_OBJC_IMPLEMENTATIONS = YES;
				CLANG_WARN_DIRECT_OBJC_ISA_USAGE = YES_ERROR;
				CLANG_WARN_DOCUMENTATION_COMMENTS = YES;
				CLANG_WARN_EMPTY_BODY = YES;
				CLANG_WARN_ENUM_CONVERSION = YES;
				CLANG_WARN_INFINITE_RECURSION = YES;
				CLANG_WARN_INT_CONVERSION = YES;
				CLANG_WARN_NON_LITERAL_NULL_CONVERSION = YES;
				CLANG_WARN_OBJC_IMPLICIT_RETAIN_SELF = YES;
				CLANG_WARN_OBJC_LITERAL_CONVERSION = YES;
				CLANG_WARN_OBJC_ROOT_CLASS = YES_ERROR;
				CLANG_WARN_QUOTED_INCLUDE_IN_FRAMEWORK_HEADER = YES;
				CLANG_WARN_RANGE_LOOP_ANALYSIS = YES;
				CLANG_WARN_STRICT_PROTOTYPES = YES;
				CLANG_WARN_SUSPICIOUS_MOVE = YES;
				CLANG_WARN_UNGUARDED_AVAILABILITY = YES_AGGRESSIVE;
				CLANG_WARN_UNREACHABLE_CODE = YES;
				CLANG_WARN__DUPLICATE_METHOD_MATCH = YES;
				COPY_PHASE_STRIP = NO;
				DEBUG_INFORMATION_FORMAT = "dwarf-with-dsym";
				ENABLE_NS_ASSERTIONS = NO;
				ENABLE_STRICT_OBJC_MSGSEND = YES;
				GCC_C_LANGUAGE_STANDARD = gnu11;
				GCC_NO_COMMON_BLOCKS = YES;
				GCC_WARN_64_TO_32_BIT_CONVERSION = YES;
				GCC_WARN_ABOUT_RETURN_TYPE = YES_ERROR;
				GCC_WARN_UNDECLARED_SELECTOR = YES;
				GCC_WARN_UNINITIALIZED_AUTOS = YES_AGGRESSIVE;
				GCC_WARN_UNUSED_FUNCTION = YES;
				GCC_WARN_UNUSED_VARIABLE = YES;
				IPHONEOS_DEPLOYMENT_TARGET = 14.1;
				MTL_ENABLE_DEBUG_INFO = NO;
				MTL_FAST_MATH = YES;
				SDKROOT = iphoneos;
				SWIFT_COMPILATION_MODE = wholemodule;
				SWIFT_OPTIMIZATION_LEVEL = "-O";
				VALIDATE_PRODUCT = YES;
			};
			name = Release;
		};
		918FBC1326BD406E00C7276F /* Debug */ = {
			isa = XCBuildConfiguration;
			baseConfigurationReference = 69C73DBCB475EDE977C2BCFA /* Pods-TodoApp.debug.xcconfig */;
			buildSettings = {
				ASSETCATALOG_COMPILER_APPICON_NAME = AppIcon;
				ASSETCATALOG_COMPILER_GLOBAL_ACCENT_COLOR_NAME = AccentColor;
				CODE_SIGN_STYLE = Automatic;
				DEVELOPMENT_TEAM = 6522YLS3GH;
				INFOPLIST_FILE = TodoApp/Info.plist;
				LD_RUNPATH_SEARCH_PATHS = (
					"$(inherited)",
					"@executable_path/Frameworks",
				);
				PRODUCT_BUNDLE_IDENTIFIER = s.identifier.TodoApp;
				PRODUCT_NAME = "$(TARGET_NAME)";
				SWIFT_VERSION = 5.0;
				TARGETED_DEVICE_FAMILY = 1;
			};
			name = Debug;
		};
		918FBC1426BD406E00C7276F /* Release */ = {
			isa = XCBuildConfiguration;
			baseConfigurationReference = 6B3DCD4AA100272637902B75 /* Pods-TodoApp.release.xcconfig */;
			buildSettings = {
				ASSETCATALOG_COMPILER_APPICON_NAME = AppIcon;
				ASSETCATALOG_COMPILER_GLOBAL_ACCENT_COLOR_NAME = AccentColor;
				CODE_SIGN_STYLE = Automatic;
				DEVELOPMENT_TEAM = 6522YLS3GH;
				INFOPLIST_FILE = TodoApp/Info.plist;
				LD_RUNPATH_SEARCH_PATHS = (
					"$(inherited)",
					"@executable_path/Frameworks",
				);
				PRODUCT_BUNDLE_IDENTIFIER = s.identifier.TodoApp;
				PRODUCT_NAME = "$(TARGET_NAME)";
				SWIFT_VERSION = 5.0;
				TARGETED_DEVICE_FAMILY = 1;
			};
			name = Release;
		};
		91E3984B26D1FC7000F410C6 /* Debug */ = {
			isa = XCBuildConfiguration;
			baseConfigurationReference = DA63A85D9D7DF5A927F8269D /* Pods-TodoAppTests.debug.xcconfig */;
			buildSettings = {
				BUNDLE_LOADER = "$(TEST_HOST)";
				CODE_SIGN_STYLE = Automatic;
				DEVELOPMENT_TEAM = 6522YLS3GH;
				INFOPLIST_FILE = TodoAppTests/Info.plist;
				LD_RUNPATH_SEARCH_PATHS = (
					"$(inherited)",
					"@executable_path/Frameworks",
					"@loader_path/Frameworks",
				);
				PRODUCT_BUNDLE_IDENTIFIER = s.identifier.TodoAppTests;
				PRODUCT_NAME = "$(TARGET_NAME)";
				SWIFT_VERSION = 5.0;
				TARGETED_DEVICE_FAMILY = 1;
				TEST_HOST = "$(BUILT_PRODUCTS_DIR)/TodoApp.app/TodoApp";
			};
			name = Debug;
		};
		91E3984C26D1FC7000F410C6 /* Release */ = {
			isa = XCBuildConfiguration;
			baseConfigurationReference = 8A9AD66CEA8AB21AC7993BC9 /* Pods-TodoAppTests.release.xcconfig */;
			buildSettings = {
				BUNDLE_LOADER = "$(TEST_HOST)";
				CODE_SIGN_STYLE = Automatic;
				DEVELOPMENT_TEAM = 6522YLS3GH;
				INFOPLIST_FILE = TodoAppTests/Info.plist;
				LD_RUNPATH_SEARCH_PATHS = (
					"$(inherited)",
					"@executable_path/Frameworks",
					"@loader_path/Frameworks",
				);
				PRODUCT_BUNDLE_IDENTIFIER = s.identifier.TodoAppTests;
				PRODUCT_NAME = "$(TARGET_NAME)";
				SWIFT_VERSION = 5.0;
				TARGETED_DEVICE_FAMILY = 1;
				TEST_HOST = "$(BUILT_PRODUCTS_DIR)/TodoApp.app/TodoApp";
			};
			name = Release;
		};
/* End XCBuildConfiguration section */

/* Begin XCConfigurationList section */
		918FBBF926BD406D00C7276F /* Build configuration list for PBXProject "TodoApp" */ = {
			isa = XCConfigurationList;
			buildConfigurations = (
				918FBC1026BD406E00C7276F /* Debug */,
				918FBC1126BD406E00C7276F /* Release */,
			);
			defaultConfigurationIsVisible = 0;
			defaultConfigurationName = Release;
		};
		918FBC1226BD406E00C7276F /* Build configuration list for PBXNativeTarget "TodoApp" */ = {
			isa = XCConfigurationList;
			buildConfigurations = (
				918FBC1326BD406E00C7276F /* Debug */,
				918FBC1426BD406E00C7276F /* Release */,
			);
			defaultConfigurationIsVisible = 0;
			defaultConfigurationName = Release;
		};
		91E3984D26D1FC7000F410C6 /* Build configuration list for PBXNativeTarget "TodoAppTests" */ = {
			isa = XCConfigurationList;
			buildConfigurations = (
				91E3984B26D1FC7000F410C6 /* Debug */,
				91E3984C26D1FC7000F410C6 /* Release */,
			);
			defaultConfigurationIsVisible = 0;
			defaultConfigurationName = Release;
		};
/* End XCConfigurationList section */
	};
	rootObject = 918FBBF626BD406D00C7276F /* Project object */;
}
