// !$*UTF8*$!
{
	archiveVersion = 1;
	classes = {
	};
	objectVersion = 51;
	objects = {

/* Begin PBXBuildFile section */
		918FBC0226BD406D00C7276F /* AppDelegate.swift in Sources */ = {isa = PBXBuildFile; fileRef = 918FBC0126BD406D00C7276F /* AppDelegate.swift */; };
		918FBC0426BD406D00C7276F /* SceneDelegate.swift in Sources */ = {isa = PBXBuildFile; fileRef = 918FBC0326BD406D00C7276F /* SceneDelegate.swift */; };
		918FBC0926BD406D00C7276F /* Main.storyboard in Resources */ = {isa = PBXBuildFile; fileRef = 918FBC0726BD406D00C7276F /* Main.storyboard */; };
		918FBC0B26BD406E00C7276F /* Assets.xcassets in Resources */ = {isa = PBXBuildFile; fileRef = 918FBC0A26BD406E00C7276F /* Assets.xcassets */; };
		918FBC0E26BD406E00C7276F /* LaunchScreen.storyboard in Resources */ = {isa = PBXBuildFile; fileRef = 918FBC0C26BD406E00C7276F /* LaunchScreen.storyboard */; };
		918FBC1C26BD412E00C7276F /* ListViewController.swift in Sources */ = {isa = PBXBuildFile; fileRef = 918FBC1B26BD412E00C7276F /* ListViewController.swift */; };
		918FBC2026BD509B00C7276F /* ListTableViewCell.swift in Sources */ = {isa = PBXBuildFile; fileRef = 918FBC1E26BD509B00C7276F /* ListTableViewCell.swift */; };
		918FBC2126BD509B00C7276F /* ListTableViewCell.xib in Resources */ = {isa = PBXBuildFile; fileRef = 918FBC1F26BD509B00C7276F /* ListTableViewCell.xib */; };
		918FBC2426BD50D800C7276F /* Task.swift in Sources */ = {isa = PBXBuildFile; fileRef = 918FBC2326BD50D800C7276F /* Task.swift */; };
		918FBC2726BD638A00C7276F /* PostViewController.swift in Sources */ = {isa = PBXBuildFile; fileRef = 918FBC2626BD638A00C7276F /* PostViewController.swift */; };
		918FBC2C26BE724B00C7276F /* API.swift in Sources */ = {isa = PBXBuildFile; fileRef = 918FBC2B26BE724B00C7276F /* API.swift */; };
		91E5A84A26BFF8F600AD927C /* GoogleService-Info.plist in Resources */ = {isa = PBXBuildFile; fileRef = 91E5A84926BFF8F600AD927C /* GoogleService-Info.plist */; };
		91E5A85C26C0000700AD927C /* LoginViewController.swift in Sources */ = {isa = PBXBuildFile; fileRef = 91E5A85B26C0000700AD927C /* LoginViewController.swift */; };
		91E5A85F26C0C7EC00AD927C /* AccountCreateViewController.swift in Sources */ = {isa = PBXBuildFile; fileRef = 91E5A85E26C0C7EC00AD927C /* AccountCreateViewController.swift */; };
		F59EA5199BD3427965106169 /* Pods_TodoApp.framework in Frameworks */ = {isa = PBXBuildFile; fileRef = B19F359E121CFD7B2C2A5756 /* Pods_TodoApp.framework */; };
/* End PBXBuildFile section */

/* Begin PBXFileReference section */
		69C73DBCB475EDE977C2BCFA /* Pods-TodoApp.debug.xcconfig */ = {isa = PBXFileReference; includeInIndex = 1; lastKnownFileType = text.xcconfig; name = "Pods-TodoApp.debug.xcconfig"; path = "Target Support Files/Pods-TodoApp/Pods-TodoApp.debug.xcconfig"; sourceTree = "<group>"; };
		6B3DCD4AA100272637902B75 /* Pods-TodoApp.release.xcconfig */ = {isa = PBXFileReference; includeInIndex = 1; lastKnownFileType = text.xcconfig; name = "Pods-TodoApp.release.xcconfig"; path = "Target Support Files/Pods-TodoApp/Pods-TodoApp.release.xcconfig"; sourceTree = "<group>"; };
		918FBBFE26BD406D00C7276F /* TodoApp.app */ = {isa = PBXFileReference; explicitFileType = wrapper.application; includeInIndex = 0; path = TodoApp.app; sourceTree = BUILT_PRODUCTS_DIR; };
		918FBC0126BD406D00C7276F /* AppDelegate.swift */ = {isa = PBXFileReference; lastKnownFileType = sourcecode.swift; path = AppDelegate.swift; sourceTree = "<group>"; };
		918FBC0326BD406D00C7276F /* SceneDelegate.swift */ = {isa = PBXFileReference; lastKnownFileType = sourcecode.swift; path = SceneDelegate.swift; sourceTree = "<group>"; };
		918FBC0826BD406D00C7276F /* Base */ = {isa = PBXFileReference; lastKnownFileType = file.storyboard; name = Base; path = Base.lproj/Main.storyboard; sourceTree = "<group>"; };
		918FBC0A26BD406E00C7276F /* Assets.xcassets */ = {isa = PBXFileReference; lastKnownFileType = folder.assetcatalog; path = Assets.xcassets; sourceTree = "<group>"; };
		918FBC0D26BD406E00C7276F /* Base */ = {isa = PBXFileReference; lastKnownFileType = file.storyboard; name = Base; path = Base.lproj/LaunchScreen.storyboard; sourceTree = "<group>"; };
		918FBC0F26BD406E00C7276F /* Info.plist */ = {isa = PBXFileReference; lastKnownFileType = text.plist.xml; path = Info.plist; sourceTree = "<group>"; };
		918FBC1B26BD412E00C7276F /* ListViewController.swift */ = {isa = PBXFileReference; lastKnownFileType = sourcecode.swift; path = ListViewController.swift; sourceTree = "<group>"; };
		918FBC1E26BD509B00C7276F /* ListTableViewCell.swift */ = {isa = PBXFileReference; lastKnownFileType = sourcecode.swift; path = ListTableViewCell.swift; sourceTree = "<group>"; };
		918FBC1F26BD509B00C7276F /* ListTableViewCell.xib */ = {isa = PBXFileReference; lastKnownFileType = file.xib; path = ListTableViewCell.xib; sourceTree = "<group>"; };
		918FBC2326BD50D800C7276F /* Task.swift */ = {isa = PBXFileReference; lastKnownFileType = sourcecode.swift; path = Task.swift; sourceTree = "<group>"; };
		918FBC2626BD638A00C7276F /* PostViewController.swift */ = {isa = PBXFileReference; lastKnownFileType = sourcecode.swift; path = PostViewController.swift; sourceTree = "<group>"; };
		918FBC2B26BE724B00C7276F /* API.swift */ = {isa = PBXFileReference; lastKnownFileType = sourcecode.swift; path = API.swift; sourceTree = "<group>"; };
		91E5A84926BFF8F600AD927C /* GoogleService-Info.plist */ = {isa = PBXFileReference; fileEncoding = 4; lastKnownFileType = text.plist.xml; path = "GoogleService-Info.plist"; sourceTree = "<group>"; };
		91E5A85B26C0000700AD927C /* LoginViewController.swift */ = {isa = PBXFileReference; lastKnownFileType = sourcecode.swift; path = LoginViewController.swift; sourceTree = "<group>"; };
		91E5A85E26C0C7EC00AD927C /* AccountCreateViewController.swift */ = {isa = PBXFileReference; lastKnownFileType = sourcecode.swift; path = AccountCreateViewController.swift; sourceTree = "<group>"; };
		B19F359E121CFD7B2C2A5756 /* Pods_TodoApp.framework */ = {isa = PBXFileReference; explicitFileType = wrapper.framework; includeInIndex = 0; path = Pods_TodoApp.framework; sourceTree = BUILT_PRODUCTS_DIR; };
/* End PBXFileReference section */

/* Begin PBXFrameworksBuildPhase section */
		918FBBFB26BD406D00C7276F /* Frameworks */ = {
			isa = PBXFrameworksBuildPhase;
			buildActionMask = 2147483647;
			files = (
				F59EA5199BD3427965106169 /* Pods_TodoApp.framework in Frameworks */,
			);
			runOnlyForDeploymentPostprocessing = 0;
		};
/* End PBXFrameworksBuildPhase section */

/* Begin PBXGroup section */
		918FBBF526BD406D00C7276F = {
			isa = PBXGroup;
			children = (
				918FBC0026BD406D00C7276F /* TodoApp */,
				918FBBFF26BD406D00C7276F /* Products */,
				AB034B725C8115D2A272668C /* Pods */,
				E3A59981A08C6D9CBD130709 /* Frameworks */,
			);
			sourceTree = "<group>";
		};
		918FBBFF26BD406D00C7276F /* Products */ = {
			isa = PBXGroup;
			children = (
				918FBBFE26BD406D00C7276F /* TodoApp.app */,
			);
			name = Products;
			sourceTree = "<group>";
		};
		918FBC0026BD406D00C7276F /* TodoApp */ = {
			isa = PBXGroup;
			children = (
				918FBC1826BD40E300C7276F /* Model */,
				918FBC1926BD40E800C7276F /* View */,
				918FBC1626BD40D400C7276F /* Controller */,
				918FBC2A26BE723500C7276F /* Service */,
				918FBC0126BD406D00C7276F /* AppDelegate.swift */,
				918FBC0326BD406D00C7276F /* SceneDelegate.swift */,
				918FBC0726BD406D00C7276F /* Main.storyboard */,
				918FBC0A26BD406E00C7276F /* Assets.xcassets */,
				918FBC0C26BD406E00C7276F /* LaunchScreen.storyboard */,
				91E5A84926BFF8F600AD927C /* GoogleService-Info.plist */,
				918FBC0F26BD406E00C7276F /* Info.plist */,
			);
			path = TodoApp;
			sourceTree = "<group>";
		};
		918FBC1626BD40D400C7276F /* Controller */ = {
			isa = PBXGroup;
			children = (
				918FBC1B26BD412E00C7276F /* ListViewController.swift */,
				918FBC2626BD638A00C7276F /* PostViewController.swift */,
				91E5A85B26C0000700AD927C /* LoginViewController.swift */,
				91E5A85E26C0C7EC00AD927C /* AccountCreateViewController.swift */,
			);
			path = Controller;
			sourceTree = "<group>";
		};
		918FBC1826BD40E300C7276F /* Model */ = {
			isa = PBXGroup;
			children = (
				918FBC2326BD50D800C7276F /* Task.swift */,
			);
			path = Model;
			sourceTree = "<group>";
		};
		918FBC1926BD40E800C7276F /* View */ = {
			isa = PBXGroup;
			children = (
				918FBC1E26BD509B00C7276F /* ListTableViewCell.swift */,
				918FBC1F26BD509B00C7276F /* ListTableViewCell.xib */,
			);
			path = View;
			sourceTree = "<group>";
		};
		918FBC2A26BE723500C7276F /* Service */ = {
			isa = PBXGroup;
			children = (
				918FBC2B26BE724B00C7276F /* API.swift */,
			);
			path = Service;
			sourceTree = "<group>";
		};
		AB034B725C8115D2A272668C /* Pods */ = {
			isa = PBXGroup;
			children = (
				69C73DBCB475EDE977C2BCFA /* Pods-TodoApp.debug.xcconfig */,
				6B3DCD4AA100272637902B75 /* Pods-TodoApp.release.xcconfig */,
			);
			path = Pods;
			sourceTree = "<group>";
		};
		E3A59981A08C6D9CBD130709 /* Frameworks */ = {
			isa = PBXGroup;
			children = (
				B19F359E121CFD7B2C2A5756 /* Pods_TodoApp.framework */,
			);
			name = Frameworks;
			sourceTree = "<group>";
		};
/* End PBXGroup section */

/* Begin PBXNativeTarget section */
		918FBBFD26BD406D00C7276F /* TodoApp */ = {
			isa = PBXNativeTarget;
			buildConfigurationList = 918FBC1226BD406E00C7276F /* Build configuration list for PBXNativeTarget "TodoApp" */;
			buildPhases = (
				F5905AF7334A12675DAEB0A8 /* [CP] Check Pods Manifest.lock */,
				918FBBFA26BD406D00C7276F /* Sources */,
				918FBBFB26BD406D00C7276F /* Frameworks */,
				918FBBFC26BD406D00C7276F /* Resources */,
				16975EDE93433B351B2D211D /* [CP] Embed Pods Frameworks */,
			);
			buildRules = (
			);
			dependencies = (
			);
			name = TodoApp;
			productName = TodoApp;
			productReference = 918FBBFE26BD406D00C7276F /* TodoApp.app */;
			productType = "com.apple.product-type.application";
		};
/* End PBXNativeTarget section */

/* Begin PBXProject section */
		918FBBF626BD406D00C7276F /* Project object */ = {
			isa = PBXProject;
			attributes = {
				LastSwiftUpdateCheck = 1210;
				LastUpgradeCheck = 1210;
				TargetAttributes = {
					918FBBFD26BD406D00C7276F = {
						CreatedOnToolsVersion = 12.1;
					};
				};
			};
			buildConfigurationList = 918FBBF926BD406D00C7276F /* Build configuration list for PBXProject "TodoApp" */;
			compatibilityVersion = "Xcode 9.3";
			developmentRegion = en;
			hasScannedForEncodings = 0;
			knownRegions = (
				en,
				Base,
			);
			mainGroup = 918FBBF526BD406D00C7276F;
			productRefGroup = 918FBBFF26BD406D00C7276F /* Products */;
			projectDirPath = "";
			projectRoot = "";
			targets = (
				918FBBFD26BD406D00C7276F /* TodoApp */,
			);
		};
/* End PBXProject section */

/* Begin PBXResourcesBuildPhase section */
		918FBBFC26BD406D00C7276F /* Resources */ = {
			isa = PBXResourcesBuildPhase;
			buildActionMask = 2147483647;
			files = (
				918FBC0E26BD406E00C7276F /* LaunchScreen.storyboard in Resources */,
				918FBC2126BD509B00C7276F /* ListTableViewCell.xib in Resources */,
				91E5A84A26BFF8F600AD927C /* GoogleService-Info.plist in Resources */,
				918FBC0B26BD406E00C7276F /* Assets.xcassets in Resources */,
				918FBC0926BD406D00C7276F /* Main.storyboard in Resources */,
			);
			runOnlyForDeploymentPostprocessing = 0;
		};
/* End PBXResourcesBuildPhase section */

/* Begin PBXShellScriptBuildPhase section */
		16975EDE93433B351B2D211D /* [CP] Embed Pods Frameworks */ = {
			isa = PBXShellScriptBuildPhase;
			buildActionMask = 2147483647;
			files = (
			);
			inputFileListPaths = (
				"${PODS_ROOT}/Target Support Files/Pods-TodoApp/Pods-TodoApp-frameworks-${CONFIGURATION}-input-files.xcfilelist",
			);
			name = "[CP] Embed Pods Frameworks";
			outputFileListPaths = (
				"${PODS_ROOT}/Target Support Files/Pods-TodoApp/Pods-TodoApp-frameworks-${CONFIGURATION}-output-files.xcfilelist",
			);
			runOnlyForDeploymentPostprocessing = 0;
			shellPath = /bin/sh;
			shellScript = "\"${PODS_ROOT}/Target Support Files/Pods-TodoApp/Pods-TodoApp-frameworks.sh\"\n";
			showEnvVarsInLog = 0;
		};
		F5905AF7334A12675DAEB0A8 /* [CP] Check Pods Manifest.lock */ = {
			isa = PBXShellScriptBuildPhase;
			buildActionMask = 2147483647;
			files = (
			);
			inputFileListPaths = (
			);
			inputPaths = (
				"${PODS_PODFILE_DIR_PATH}/Podfile.lock",
				"${PODS_ROOT}/Manifest.lock",
			);
			name = "[CP] Check Pods Manifest.lock";
			outputFileListPaths = (
			);
			outputPaths = (
				"$(DERIVED_FILE_DIR)/Pods-TodoApp-checkManifestLockResult.txt",
			);
			runOnlyForDeploymentPostprocessing = 0;
			shellPath = /bin/sh;
			shellScript = "diff \"${PODS_PODFILE_DIR_PATH}/Podfile.lock\" \"${PODS_ROOT}/Manifest.lock\" > /dev/null\nif [ $? != 0 ] ; then\n    # print error to STDERR\n    echo \"error: The sandbox is not in sync with the Podfile.lock. Run 'pod install' or update your CocoaPods installation.\" >&2\n    exit 1\nfi\n# This output is used by Xcode 'outputs' to avoid re-running this script phase.\necho \"SUCCESS\" > \"${SCRIPT_OUTPUT_FILE_0}\"\n";
			showEnvVarsInLog = 0;
		};
/* End PBXShellScriptBuildPhase section */

/* Begin PBXSourcesBuildPhase section */
		918FBBFA26BD406D00C7276F /* Sources */ = {
			isa = PBXSourcesBuildPhase;
			buildActionMask = 2147483647;
			files = (
				918FBC2726BD638A00C7276F /* PostViewController.swift in Sources */,
				918FBC0226BD406D00C7276F /* AppDelegate.swift in Sources */,
				918FBC2026BD509B00C7276F /* ListTableViewCell.swift in Sources */,
				918FBC2426BD50D800C7276F /* Task.swift in Sources */,
				91E5A85F26C0C7EC00AD927C /* AccountCreateViewController.swift in Sources */,
				91E5A85C26C0000700AD927C /* LoginViewController.swift in Sources */,
				918FBC0426BD406D00C7276F /* SceneDelegate.swift in Sources */,
				918FBC1C26BD412E00C7276F /* ListViewController.swift in Sources */,
				918FBC2C26BE724B00C7276F /* API.swift in Sources */,
			);
			runOnlyForDeploymentPostprocessing = 0;
		};
/* End PBXSourcesBuildPhase section */

/* Begin PBXVariantGroup section */
		918FBC0726BD406D00C7276F /* Main.storyboard */ = {
			isa = PBXVariantGroup;
			children = (
				918FBC0826BD406D00C7276F /* Base */,
			);
			name = Main.storyboard;
			sourceTree = "<group>";
		};
		918FBC0C26BD406E00C7276F /* LaunchScreen.storyboard */ = {
			isa = PBXVariantGroup;
			children = (
				918FBC0D26BD406E00C7276F /* Base */,
			);
			name = LaunchScreen.storyboard;
			sourceTree = "<group>";
		};
/* End PBXVariantGroup section */

/* Begin XCBuildConfiguration section */
		918FBC1026BD406E00C7276F /* Debug */ = {
			isa = XCBuildConfiguration;
			buildSettings = {
				ALWAYS_SEARCH_USER_PATHS = NO;
				CLANG_ANALYZER_NONNULL = YES;
				CLANG_ANALYZER_NUMBER_OBJECT_CONVERSION = YES_AGGRESSIVE;
				CLANG_CXX_LANGUAGE_STANDARD = "gnu++14";
				CLANG_CXX_LIBRARY = "libc++";
				CLANG_ENABLE_MODULES = YES;
				CLANG_ENABLE_OBJC_ARC = YES;
				CLANG_ENABLE_OBJC_WEAK = YES;
				CLANG_WARN_BLOCK_CAPTURE_AUTORELEASING = YES;
				CLANG_WARN_BOOL_CONVERSION = YES;
				CLANG_WARN_COMMA = YES;
				CLANG_WARN_CONSTANT_CONVERSION = YES;
				CLANG_WARN_DEPRECATED_OBJC_IMPLEMENTATIONS = YES;
				CLANG_WARN_DIRECT_OBJC_ISA_USAGE = YES_ERROR;
				CLANG_WARN_DOCUMENTATION_COMMENTS = YES;
				CLANG_WARN_EMPTY_BODY = YES;
				CLANG_WARN_ENUM_CONVERSION = YES;
				CLANG_WARN_INFINITE_RECURSION = YES;
				CLANG_WARN_INT_CONVERSION = YES;
				CLANG_WARN_NON_LITERAL_NULL_CONVERSION = YES;
				CLANG_WARN_OBJC_IMPLICIT_RETAIN_SELF = YES;
				CLANG_WARN_OBJC_LITERAL_CONVERSION = YES;
				CLANG_WARN_OBJC_ROOT_CLASS = YES_ERROR;
				CLANG_WARN_QUOTED_INCLUDE_IN_FRAMEWORK_HEADER = YES;
				CLANG_WARN_RANGE_LOOP_ANALYSIS = YES;
				CLANG_WARN_STRICT_PROTOTYPES = YES;
				CLANG_WARN_SUSPICIOUS_MOVE = YES;
				CLANG_WARN_UNGUARDED_AVAILABILITY = YES_AGGRESSIVE;
				CLANG_WARN_UNREACHABLE_CODE = YES;
				CLANG_WARN__DUPLICATE_METHOD_MATCH = YES;
				COPY_PHASE_STRIP = NO;
				DEBUG_INFORMATION_FORMAT = dwarf;
				ENABLE_STRICT_OBJC_MSGSEND = YES;
				ENABLE_TESTABILITY = YES;
				GCC_C_LANGUAGE_STANDARD = gnu11;
				GCC_DYNAMIC_NO_PIC = NO;
				GCC_NO_COMMON_BLOCKS = YES;
				GCC_OPTIMIZATION_LEVEL = 0;
				GCC_PREPROCESSOR_DEFINITIONS = (
					"DEBUG=1",
					"$(inherited)",
				);
				GCC_WARN_64_TO_32_BIT_CONVERSION = YES;
				GCC_WARN_ABOUT_RETURN_TYPE = YES_ERROR;
				GCC_WARN_UNDECLARED_SELECTOR = YES;
				GCC_WARN_UNINITIALIZED_AUTOS = YES_AGGRESSIVE;
				GCC_WARN_UNUSED_FUNCTION = YES;
				GCC_WARN_UNUSED_VARIABLE = YES;
				IPHONEOS_DEPLOYMENT_TARGET = 14.1;
				MTL_ENABLE_DEBUG_INFO = INCLUDE_SOURCE;
				MTL_FAST_MATH = YES;
				ONLY_ACTIVE_ARCH = YES;
				SDKROOT = iphoneos;
				SWIFT_ACTIVE_COMPILATION_CONDITIONS = DEBUG;
				SWIFT_OPTIMIZATION_LEVEL = "-Onone";
			};
			name = Debug;
		};
		918FBC1126BD406E00C7276F /* Release */ = {
			isa = XCBuildConfiguration;
			buildSettings = {
				ALWAYS_SEARCH_USER_PATHS = NO;
				CLANG_ANALYZER_NONNULL = YES;
				CLANG_ANALYZER_NUMBER_OBJECT_CONVERSION = YES_AGGRESSIVE;
				CLANG_CXX_LANGUAGE_STANDARD = "gnu++14";
				CLANG_CXX_LIBRARY = "libc++";
				CLANG_ENABLE_MODULES = YES;
				CLANG_ENABLE_OBJC_ARC = YES;
				CLANG_ENABLE_OBJC_WEAK = YES;
				CLANG_WARN_BLOCK_CAPTURE_AUTORELEASING = YES;
				CLANG_WARN_BOOL_CONVERSION = YES;
				CLANG_WARN_COMMA = YES;
				CLANG_WARN_CONSTANT_CONVERSION = YES;
				CLANG_WARN_DEPRECATED_OBJC_IMPLEMENTATIONS = YES;
				CLANG_WARN_DIRECT_OBJC_ISA_USAGE = YES_ERROR;
				CLANG_WARN_DOCUMENTATION_COMMENTS = YES;
				CLANG_WARN_EMPTY_BODY = YES;
				CLANG_WARN_ENUM_CONVERSION = YES;
				CLANG_WARN_INFINITE_RECURSION = YES;
				CLANG_WARN_INT_CONVERSION = YES;
				CLANG_WARN_NON_LITERAL_NULL_CONVERSION = YES;
				CLANG_WARN_OBJC_IMPLICIT_RETAIN_SELF = YES;
				CLANG_WARN_OBJC_LITERAL_CONVERSION = YES;
				CLANG_WARN_OBJC_ROOT_CLASS = YES_ERROR;
				CLANG_WARN_QUOTED_INCLUDE_IN_FRAMEWORK_HEADER = YES;
				CLANG_WARN_RANGE_LOOP_ANALYSIS = YES;
				CLANG_WARN_STRICT_PROTOTYPES = YES;
				CLANG_WARN_SUSPICIOUS_MOVE = YES;
				CLANG_WARN_UNGUARDED_AVAILABILITY = YES_AGGRESSIVE;
				CLANG_WARN_UNREACHABLE_CODE = YES;
				CLANG_WARN__DUPLICATE_METHOD_MATCH = YES;
				COPY_PHASE_STRIP = NO;
				DEBUG_INFORMATION_FORMAT = "dwarf-with-dsym";
				ENABLE_NS_ASSERTIONS = NO;
				ENABLE_STRICT_OBJC_MSGSEND = YES;
				GCC_C_LANGUAGE_STANDARD = gnu11;
				GCC_NO_COMMON_BLOCKS = YES;
				GCC_WARN_64_TO_32_BIT_CONVERSION = YES;
				GCC_WARN_ABOUT_RETURN_TYPE = YES_ERROR;
				GCC_WARN_UNDECLARED_SELECTOR = YES;
				GCC_WARN_UNINITIALIZED_AUTOS = YES_AGGRESSIVE;
				GCC_WARN_UNUSED_FUNCTION = YES;
				GCC_WARN_UNUSED_VARIABLE = YES;
				IPHONEOS_DEPLOYMENT_TARGET = 14.1;
				MTL_ENABLE_DEBUG_INFO = NO;
				MTL_FAST_MATH = YES;
				SDKROOT = iphoneos;
				SWIFT_COMPILATION_MODE = wholemodule;
				SWIFT_OPTIMIZATION_LEVEL = "-O";
				VALIDATE_PRODUCT = YES;
			};
			name = Release;
		};
		918FBC1326BD406E00C7276F /* Debug */ = {
			isa = XCBuildConfiguration;
			baseConfigurationReference = 69C73DBCB475EDE977C2BCFA /* Pods-TodoApp.debug.xcconfig */;
			buildSettings = {
				ASSETCATALOG_COMPILER_APPICON_NAME = AppIcon;
				ASSETCATALOG_COMPILER_GLOBAL_ACCENT_COLOR_NAME = AccentColor;
				CODE_SIGN_STYLE = Automatic;
				DEVELOPMENT_TEAM = 6522YLS3GH;
				INFOPLIST_FILE = TodoApp/Info.plist;
				LD_RUNPATH_SEARCH_PATHS = (
					"$(inherited)",
					"@executable_path/Frameworks",
				);
				PRODUCT_BUNDLE_IDENTIFIER = s.identifier.TodoApp;
				PRODUCT_NAME = "$(TARGET_NAME)";
				SWIFT_VERSION = 5.0;
				TARGETED_DEVICE_FAMILY = 1;
			};
			name = Debug;
		};
		918FBC1426BD406E00C7276F /* Release */ = {
			isa = XCBuildConfiguration;
			baseConfigurationReference = 6B3DCD4AA100272637902B75 /* Pods-TodoApp.release.xcconfig */;
			buildSettings = {
				ASSETCATALOG_COMPILER_APPICON_NAME = AppIcon;
				ASSETCATALOG_COMPILER_GLOBAL_ACCENT_COLOR_NAME = AccentColor;
				CODE_SIGN_STYLE = Automatic;
				DEVELOPMENT_TEAM = 6522YLS3GH;
				INFOPLIST_FILE = TodoApp/Info.plist;
				LD_RUNPATH_SEARCH_PATHS = (
					"$(inherited)",
					"@executable_path/Frameworks",
				);
				PRODUCT_BUNDLE_IDENTIFIER = s.identifier.TodoApp;
				PRODUCT_NAME = "$(TARGET_NAME)";
				SWIFT_VERSION = 5.0;
				TARGETED_DEVICE_FAMILY = 1;
			};
			name = Release;
		};
/* End XCBuildConfiguration section */

/* Begin XCConfigurationList section */
		918FBBF926BD406D00C7276F /* Build configuration list for PBXProject "TodoApp" */ = {
			isa = XCConfigurationList;
			buildConfigurations = (
				918FBC1026BD406E00C7276F /* Debug */,
				918FBC1126BD406E00C7276F /* Release */,
			);
			defaultConfigurationIsVisible = 0;
			defaultConfigurationName = Release;
		};
		918FBC1226BD406E00C7276F /* Build configuration list for PBXNativeTarget "TodoApp" */ = {
			isa = XCConfigurationList;
			buildConfigurations = (
				918FBC1326BD406E00C7276F /* Debug */,
				918FBC1426BD406E00C7276F /* Release */,
			);
			defaultConfigurationIsVisible = 0;
			defaultConfigurationName = Release;
		};
/* End XCConfigurationList section */
	};
	rootObject = 918FBBF626BD406D00C7276F /* Project object */;
}
